{
    "version": 3,
    "terraform_version": "0.11.14",
    "serial": 114,
    "lineage": "a0f49cfe-bffb-c2af-b99d-69dbf7e0cda5",
    "modules": [
        {
            "path": [
                "root"
            ],
            "outputs": {
                "accounts_dns": {
                    "sensitive": false,
                    "type": "string",
                    "value": "accounts.netlit.local.stg"
                },
                "authorization_server_dns": {
                    "sensitive": false,
                    "type": "string",
                    "value": "authorization-server.netlit.local.stg"
                },
                "customer_service_dns": {
                    "sensitive": false,
                    "type": "string",
                    "value": "customer-service.netlit.local.stg"
                },
                "library_dns": {
                    "sensitive": false,
                    "type": "string",
                    "value": "library.netlit.local.stg"
                },
                "payments_dns": {
                    "sensitive": false,
                    "type": "string",
                    "value": "payments.netlit.local.stg"
                }
            },
            "resources": {
                "aws_dynamodb_table.account_table": {
                    "type": "aws_dynamodb_table",
                    "depends_on": [],
                    "primary": {
                        "id": "dev.Account",
                        "attributes": {
                            "arn": "arn:aws:dynamodb:us-east-2:478297097809:table/dev.Account",
                            "attribute.#": "1",
                            "attribute.3292831115.name": "Id",
                            "attribute.3292831115.type": "S",
                            "billing_mode": "PROVISIONED",
                            "global_secondary_index.#": "0",
                            "hash_key": "Id",
                            "id": "dev.Account",
                            "local_secondary_index.#": "0",
                            "name": "dev.Account",
                            "point_in_time_recovery.#": "1",
                            "point_in_time_recovery.0.enabled": "false",
                            "read_capacity": "1",
                            "server_side_encryption.#": "0",
                            "stream_arn": "",
                            "stream_enabled": "false",
                            "stream_label": "",
                            "stream_view_type": "",
                            "tags.%": "0",
                            "ttl.#": "1",
                            "ttl.0.attribute_name": "",
                            "ttl.0.enabled": "false",
                            "write_capacity": "1"
                        },
                        "meta": {
                            "e2bfb730-ecaa-11e6-8f88-34363bc7c4c0": {
                                "create": 600000000000,
                                "delete": 600000000000,
                                "update": 3600000000000
                            },
                            "schema_version": "1"
                        },
                        "tainted": false
                    },
                    "deposed": [],
                    "provider": "provider.aws"
                },
                "aws_dynamodb_table.address_table": {
                    "type": "aws_dynamodb_table",
                    "depends_on": [],
                    "primary": {
                        "id": "dev.Address",
                        "attributes": {
                            "arn": "arn:aws:dynamodb:us-east-2:478297097809:table/dev.Address",
                            "attribute.#": "1",
                            "attribute.3292831115.name": "Id",
                            "attribute.3292831115.type": "S",
                            "billing_mode": "PROVISIONED",
                            "global_secondary_index.#": "0",
                            "hash_key": "Id",
                            "id": "dev.Address",
                            "local_secondary_index.#": "0",
                            "name": "dev.Address",
                            "point_in_time_recovery.#": "1",
                            "point_in_time_recovery.0.enabled": "false",
                            "read_capacity": "1",
                            "server_side_encryption.#": "0",
                            "stream_arn": "",
                            "stream_enabled": "false",
                            "stream_label": "",
                            "stream_view_type": "",
                            "tags.%": "0",
                            "ttl.#": "1",
                            "ttl.0.attribute_name": "",
                            "ttl.0.enabled": "false",
                            "write_capacity": "1"
                        },
                        "meta": {
                            "e2bfb730-ecaa-11e6-8f88-34363bc7c4c0": {
                                "create": 600000000000,
                                "delete": 600000000000,
                                "update": 3600000000000
                            },
                            "schema_version": "1"
                        },
                        "tainted": false
                    },
                    "deposed": [],
                    "provider": "provider.aws"
                },
                "aws_dynamodb_table.bookmark_table": {
                    "type": "aws_dynamodb_table",
                    "depends_on": [],
                    "primary": {
                        "id": "dev.Bookmark",
                        "attributes": {
                            "arn": "arn:aws:dynamodb:us-east-2:478297097809:table/dev.Bookmark",
                            "attribute.#": "2",
                            "attribute.1983055057.name": "AccountId",
                            "attribute.1983055057.type": "S",
                            "attribute.2065355430.name": "BookId",
                            "attribute.2065355430.type": "S",
                            "billing_mode": "PROVISIONED",
                            "global_secondary_index.#": "0",
                            "hash_key": "AccountId",
                            "id": "dev.Bookmark",
                            "local_secondary_index.#": "0",
                            "name": "dev.Bookmark",
                            "point_in_time_recovery.#": "1",
                            "point_in_time_recovery.0.enabled": "false",
                            "range_key": "BookId",
                            "read_capacity": "1",
                            "server_side_encryption.#": "0",
                            "stream_arn": "",
                            "stream_enabled": "false",
                            "stream_label": "",
                            "stream_view_type": "",
                            "tags.%": "0",
                            "ttl.#": "1",
                            "ttl.0.attribute_name": "",
                            "ttl.0.enabled": "false",
                            "write_capacity": "1"
                        },
                        "meta": {
                            "e2bfb730-ecaa-11e6-8f88-34363bc7c4c0": {
                                "create": 600000000000,
                                "delete": 600000000000,
                                "update": 3600000000000
                            },
                            "schema_version": "1"
                        },
                        "tainted": false
                    },
                    "deposed": [],
                    "provider": "provider.aws"
                },
                "aws_dynamodb_table.credentials_table": {
                    "type": "aws_dynamodb_table",
                    "depends_on": [],
                    "primary": {
                        "id": "dev.Credentials",
                        "attributes": {
                            "arn": "arn:aws:dynamodb:us-east-2:478297097809:table/dev.Credentials",
                            "attribute.#": "2",
                            "attribute.1983055057.name": "AccountId",
                            "attribute.1983055057.type": "S",
                            "attribute.3355349399.name": "Email",
                            "attribute.3355349399.type": "S",
                            "billing_mode": "PROVISIONED",
                            "global_secondary_index.#": "1",
                            "global_secondary_index.1501606705.hash_key": "AccountId",
                            "global_secondary_index.1501606705.name": "AccountIndex",
                            "global_secondary_index.1501606705.non_key_attributes.#": "0",
                            "global_secondary_index.1501606705.projection_type": "ALL",
                            "global_secondary_index.1501606705.range_key": "",
                            "global_secondary_index.1501606705.read_capacity": "1",
                            "global_secondary_index.1501606705.write_capacity": "1",
                            "hash_key": "Email",
                            "id": "dev.Credentials",
                            "local_secondary_index.#": "0",
                            "name": "dev.Credentials",
                            "point_in_time_recovery.#": "1",
                            "point_in_time_recovery.0.enabled": "false",
                            "read_capacity": "1",
                            "server_side_encryption.#": "0",
                            "stream_arn": "",
                            "stream_enabled": "false",
                            "stream_label": "",
                            "stream_view_type": "",
                            "tags.%": "0",
                            "ttl.#": "1",
                            "ttl.0.attribute_name": "",
                            "ttl.0.enabled": "false",
                            "write_capacity": "1"
                        },
                        "meta": {
                            "e2bfb730-ecaa-11e6-8f88-34363bc7c4c0": {
                                "create": 600000000000,
                                "delete": 600000000000,
                                "update": 3600000000000
                            },
                            "schema_version": "1"
                        },
                        "tainted": false
                    },
                    "deposed": [],
                    "provider": "provider.aws"
                },
                "aws_dynamodb_table.read_book_table": {
                    "type": "aws_dynamodb_table",
                    "depends_on": [],
                    "primary": {
                        "id": "dev.ReadBook",
                        "attributes": {
                            "arn": "arn:aws:dynamodb:us-east-2:478297097809:table/dev.ReadBook",
                            "attribute.#": "3",
                            "attribute.1983055057.name": "AccountId",
                            "attribute.1983055057.type": "S",
                            "attribute.3292831115.name": "Id",
                            "attribute.3292831115.type": "S",
                            "attribute.517832912.name": "ReadAt",
                            "attribute.517832912.type": "S",
                            "billing_mode": "PROVISIONED",
                            "global_secondary_index.#": "1",
                            "global_secondary_index.3884092585.hash_key": "AccountId",
                            "global_secondary_index.3884092585.name": "AccountIndex",
                            "global_secondary_index.3884092585.non_key_attributes.#": "0",
                            "global_secondary_index.3884092585.projection_type": "ALL",
                            "global_secondary_index.3884092585.range_key": "ReadAt",
                            "global_secondary_index.3884092585.read_capacity": "1",
                            "global_secondary_index.3884092585.write_capacity": "1",
                            "hash_key": "Id",
                            "id": "dev.ReadBook",
                            "local_secondary_index.#": "0",
                            "name": "dev.ReadBook",
                            "point_in_time_recovery.#": "1",
                            "point_in_time_recovery.0.enabled": "false",
                            "read_capacity": "1",
                            "server_side_encryption.#": "0",
                            "stream_arn": "",
                            "stream_enabled": "false",
                            "stream_label": "",
                            "stream_view_type": "",
                            "tags.%": "0",
                            "ttl.#": "1",
                            "ttl.0.attribute_name": "",
                            "ttl.0.enabled": "false",
                            "write_capacity": "1"
                        },
                        "meta": {
                            "e2bfb730-ecaa-11e6-8f88-34363bc7c4c0": {
                                "create": 600000000000,
                                "delete": 600000000000,
                                "update": 3600000000000
                            },
                            "schema_version": "1"
                        },
                        "tainted": false
                    },
                    "deposed": [],
                    "provider": "provider.aws"
                },
                "aws_dynamodb_table.read_page_table": {
                    "type": "aws_dynamodb_table",
                    "depends_on": [],
                    "primary": {
                        "id": "dev.ReadPage",
                        "attributes": {
                            "arn": "arn:aws:dynamodb:us-east-2:478297097809:table/dev.ReadPage",
                            "attribute.#": "2",
                            "attribute.3292831115.name": "Id",
                            "attribute.3292831115.type": "S",
                            "attribute.517832912.name": "ReadAt",
                            "attribute.517832912.type": "S",
                            "billing_mode": "PROVISIONED",
                            "global_secondary_index.#": "0",
                            "hash_key": "Id",
                            "id": "dev.ReadPage",
                            "local_secondary_index.#": "0",
                            "name": "dev.ReadPage",
                            "point_in_time_recovery.#": "1",
                            "point_in_time_recovery.0.enabled": "false",
                            "range_key": "ReadAt",
                            "read_capacity": "1",
                            "server_side_encryption.#": "0",
                            "stream_arn": "",
                            "stream_enabled": "false",
                            "stream_label": "",
                            "stream_view_type": "",
                            "tags.%": "0",
                            "ttl.#": "1",
                            "ttl.0.attribute_name": "",
                            "ttl.0.enabled": "false",
                            "write_capacity": "1"
                        },
                        "meta": {
                            "e2bfb730-ecaa-11e6-8f88-34363bc7c4c0": {
                                "create": 600000000000,
                                "delete": 600000000000,
                                "update": 3600000000000
                            },
                            "schema_version": "1"
                        },
                        "tainted": false
                    },
                    "deposed": [],
                    "provider": "provider.aws"
                },
                "aws_dynamodb_table.review_table": {
                    "type": "aws_dynamodb_table",
                    "depends_on": [],
                    "primary": {
                        "id": "dev.Review",
                        "attributes": {
                            "arn": "arn:aws:dynamodb:us-east-2:478297097809:table/dev.Review",
                            "attribute.#": "2",
                            "attribute.2065355430.name": "BookId",
                            "attribute.2065355430.type": "S",
                            "attribute.3355349399.name": "Email",
                            "attribute.3355349399.type": "S",
                            "billing_mode": "PROVISIONED",
                            "global_secondary_index.#": "0",
                            "hash_key": "Email",
                            "id": "dev.Review",
                            "local_secondary_index.#": "0",
                            "name": "dev.Review",
                            "point_in_time_recovery.#": "1",
                            "point_in_time_recovery.0.enabled": "false",
                            "range_key": "BookId",
                            "read_capacity": "1",
                            "server_side_encryption.#": "0",
                            "stream_arn": "",
                            "stream_enabled": "false",
                            "stream_label": "",
                            "stream_view_type": "",
                            "tags.%": "0",
                            "ttl.#": "1",
                            "ttl.0.attribute_name": "",
                            "ttl.0.enabled": "false",
                            "write_capacity": "1"
                        },
                        "meta": {
                            "e2bfb730-ecaa-11e6-8f88-34363bc7c4c0": {
                                "create": 600000000000,
                                "delete": 600000000000,
                                "update": 3600000000000
                            },
                            "schema_version": "1"
                        },
                        "tainted": false
                    },
                    "deposed": [],
                    "provider": "provider.aws"
                },
                "aws_dynamodb_table.school_grade_room_table": {
                    "type": "aws_dynamodb_table",
                    "depends_on": [],
                    "primary": {
                        "id": "dev.SchoolGradeRoom",
                        "attributes": {
                            "arn": "arn:aws:dynamodb:us-east-2:478297097809:table/dev.SchoolGradeRoom",
                            "attribute.#": "1",
                            "attribute.3292831115.name": "Id",
                            "attribute.3292831115.type": "S",
                            "billing_mode": "PROVISIONED",
                            "global_secondary_index.#": "0",
                            "hash_key": "Id",
                            "id": "dev.SchoolGradeRoom",
                            "local_secondary_index.#": "0",
                            "name": "dev.SchoolGradeRoom",
                            "point_in_time_recovery.#": "1",
                            "point_in_time_recovery.0.enabled": "false",
                            "read_capacity": "1",
                            "server_side_encryption.#": "0",
                            "stream_arn": "",
                            "stream_enabled": "false",
                            "stream_label": "",
                            "stream_view_type": "",
                            "tags.%": "0",
                            "ttl.#": "1",
                            "ttl.0.attribute_name": "",
                            "ttl.0.enabled": "false",
                            "write_capacity": "1"
                        },
                        "meta": {
                            "e2bfb730-ecaa-11e6-8f88-34363bc7c4c0": {
                                "create": 600000000000,
                                "delete": 600000000000,
                                "update": 3600000000000
                            },
                            "schema_version": "1"
                        },
                        "tainted": false
                    },
                    "deposed": [],
                    "provider": "provider.aws"
                },
                "aws_dynamodb_table.school_room_student_table": {
                    "type": "aws_dynamodb_table",
                    "depends_on": [],
                    "primary": {
                        "id": "dev.SchoolRoomStudent",
                        "attributes": {
                            "arn": "arn:aws:dynamodb:us-east-2:478297097809:table/dev.SchoolRoomStudent",
                            "attribute.#": "1",
                            "attribute.3292831115.name": "Id",
                            "attribute.3292831115.type": "S",
                            "billing_mode": "PROVISIONED",
                            "global_secondary_index.#": "0",
                            "hash_key": "Id",
                            "id": "dev.SchoolRoomStudent",
                            "local_secondary_index.#": "0",
                            "name": "dev.SchoolRoomStudent",
                            "point_in_time_recovery.#": "1",
                            "point_in_time_recovery.0.enabled": "false",
                            "read_capacity": "1",
                            "server_side_encryption.#": "0",
                            "stream_arn": "",
                            "stream_enabled": "false",
                            "stream_label": "",
                            "stream_view_type": "",
                            "tags.%": "0",
                            "ttl.#": "1",
                            "ttl.0.attribute_name": "",
                            "ttl.0.enabled": "false",
                            "write_capacity": "1"
                        },
                        "meta": {
                            "e2bfb730-ecaa-11e6-8f88-34363bc7c4c0": {
                                "create": 600000000000,
                                "delete": 600000000000,
                                "update": 3600000000000
                            },
                            "schema_version": "1"
                        },
                        "tainted": false
                    },
                    "deposed": [],
                    "provider": "provider.aws"
                },
                "aws_dynamodb_table.sub_account_table": {
                    "type": "aws_dynamodb_table",
                    "depends_on": [],
                    "primary": {
                        "id": "dev.SubAccount",
                        "attributes": {
                            "arn": "arn:aws:dynamodb:us-east-2:478297097809:table/dev.SubAccount",
                            "attribute.#": "1",
                            "attribute.3292831115.name": "Id",
                            "attribute.3292831115.type": "S",
                            "billing_mode": "PROVISIONED",
                            "global_secondary_index.#": "0",
                            "hash_key": "Id",
                            "id": "dev.SubAccount",
                            "local_secondary_index.#": "0",
                            "name": "dev.SubAccount",
                            "point_in_time_recovery.#": "1",
                            "point_in_time_recovery.0.enabled": "false",
                            "read_capacity": "1",
                            "server_side_encryption.#": "0",
                            "stream_arn": "",
                            "stream_enabled": "false",
                            "stream_label": "",
                            "stream_view_type": "",
                            "tags.%": "0",
                            "ttl.#": "1",
                            "ttl.0.attribute_name": "",
                            "ttl.0.enabled": "false",
                            "write_capacity": "1"
                        },
                        "meta": {
                            "e2bfb730-ecaa-11e6-8f88-34363bc7c4c0": {
                                "create": 600000000000,
                                "delete": 600000000000,
                                "update": 3600000000000
                            },
                            "schema_version": "1"
                        },
                        "tainted": false
                    },
                    "deposed": [],
                    "provider": "provider.aws"
                },
                "aws_dynamodb_table.user_table": {
                    "type": "aws_dynamodb_table",
                    "depends_on": [],
                    "primary": {
                        "id": "dev.User",
                        "attributes": {
                            "arn": "arn:aws:dynamodb:us-east-2:478297097809:table/dev.User",
                            "attribute.#": "1",
                            "attribute.3355349399.name": "Email",
                            "attribute.3355349399.type": "S",
                            "billing_mode": "PROVISIONED",
                            "global_secondary_index.#": "0",
                            "hash_key": "Email",
                            "id": "dev.User",
                            "local_secondary_index.#": "0",
                            "name": "dev.User",
                            "point_in_time_recovery.#": "1",
                            "point_in_time_recovery.0.enabled": "false",
                            "read_capacity": "1",
                            "server_side_encryption.#": "0",
                            "stream_arn": "",
                            "stream_enabled": "false",
                            "stream_label": "",
                            "stream_view_type": "",
                            "tags.%": "0",
                            "ttl.#": "1",
                            "ttl.0.attribute_name": "",
                            "ttl.0.enabled": "false",
                            "write_capacity": "1"
                        },
                        "meta": {
                            "e2bfb730-ecaa-11e6-8f88-34363bc7c4c0": {
                                "create": 600000000000,
                                "delete": 600000000000,
                                "update": 3600000000000
                            },
                            "schema_version": "1"
                        },
                        "tainted": false
                    },
                    "deposed": [],
                    "provider": "provider.aws"
                },
                "aws_dynamodb_table.verification_token_table": {
                    "type": "aws_dynamodb_table",
                    "depends_on": [],
                    "primary": {
                        "id": "dev.VerificationToken",
                        "attributes": {
                            "arn": "arn:aws:dynamodb:us-east-2:478297097809:table/dev.VerificationToken",
                            "attribute.#": "1",
                            "attribute.3292831115.name": "Id",
                            "attribute.3292831115.type": "S",
                            "billing_mode": "PROVISIONED",
                            "global_secondary_index.#": "0",
                            "hash_key": "Id",
                            "id": "dev.VerificationToken",
                            "local_secondary_index.#": "0",
                            "name": "dev.VerificationToken",
                            "point_in_time_recovery.#": "1",
                            "point_in_time_recovery.0.enabled": "false",
                            "read_capacity": "1",
                            "server_side_encryption.#": "0",
                            "stream_arn": "",
                            "stream_enabled": "false",
                            "stream_label": "",
                            "stream_view_type": "",
                            "tags.%": "0",
                            "ttl.#": "1",
                            "ttl.0.attribute_name": "",
                            "ttl.0.enabled": "false",
                            "write_capacity": "1"
                        },
                        "meta": {
                            "e2bfb730-ecaa-11e6-8f88-34363bc7c4c0": {
                                "create": 600000000000,
                                "delete": 600000000000,
                                "update": 3600000000000
                            },
                            "schema_version": "1"
                        },
                        "tainted": false
                    },
                    "deposed": [],
                    "provider": "provider.aws"
                },
                "aws_ecs_cluster.netlit": {
                    "type": "aws_ecs_cluster",
                    "depends_on": [],
                    "primary": {
                        "id": "arn:aws:ecs:us-east-2:478297097809:cluster/netlit-cluster",
                        "attributes": {
                            "arn": "arn:aws:ecs:us-east-2:478297097809:cluster/netlit-cluster",
                            "id": "arn:aws:ecs:us-east-2:478297097809:cluster/netlit-cluster",
                            "name": "netlit-cluster",
                            "tags.%": "0"
                        },
                        "meta": {},
                        "tainted": false
                    },
                    "deposed": [],
                    "provider": "provider.aws"
                },
                "aws_iam_role.accounts_role": {
                    "type": "aws_iam_role",
                    "depends_on": [],
                    "primary": {
                        "id": "accounts-stg-role",
                        "attributes": {
                            "arn": "arn:aws:iam::478297097809:role/accounts-stg-role",
                            "assume_role_policy": "{\"Version\":\"2012-10-17\",\"Statement\":[{\"Sid\":\"EcsTaskExecutionRole\",\"Effect\":\"Allow\",\"Principal\":{\"Service\":\"ecs-tasks.amazonaws.com\"},\"Action\":\"sts:AssumeRole\"}]}",
                            "create_date": "2019-06-04T13:41:53Z",
                            "description": "",
                            "force_detach_policies": "false",
                            "id": "accounts-stg-role",
                            "max_session_duration": "3600",
                            "name": "accounts-stg-role",
                            "path": "/",
                            "tags.%": "1",
                            "tags.Environment": "stg",
                            "unique_id": "AROAW6XF2QZIWBJ7OSSJ7"
                        },
                        "meta": {},
                        "tainted": false
                    },
                    "deposed": [],
                    "provider": "provider.aws"
                },
                "aws_iam_role.authorization_server_role": {
                    "type": "aws_iam_role",
                    "depends_on": [],
                    "primary": {
                        "id": "authorization-server-stg-role",
                        "attributes": {
                            "arn": "arn:aws:iam::478297097809:role/authorization-server-stg-role",
                            "assume_role_policy": "{\"Version\":\"2012-10-17\",\"Statement\":[{\"Sid\":\"EcsTaskExecutionRole\",\"Effect\":\"Allow\",\"Principal\":{\"Service\":\"ecs-tasks.amazonaws.com\"},\"Action\":\"sts:AssumeRole\"}]}",
                            "create_date": "2019-06-04T13:41:53Z",
                            "description": "",
                            "force_detach_policies": "false",
                            "id": "authorization-server-stg-role",
                            "max_session_duration": "3600",
                            "name": "authorization-server-stg-role",
                            "path": "/",
                            "tags.%": "1",
                            "tags.Environment": "stg",
                            "unique_id": "AROAW6XF2QZIW3U4IJXH7"
                        },
                        "meta": {},
                        "tainted": false
                    },
                    "deposed": [],
                    "provider": "provider.aws"
                },
                "aws_iam_role.customer_service_role": {
                    "type": "aws_iam_role",
                    "depends_on": [],
                    "primary": {
                        "id": "customer-service-stg-role",
                        "attributes": {
                            "arn": "arn:aws:iam::478297097809:role/customer-service-stg-role",
                            "assume_role_policy": "{\"Version\":\"2012-10-17\",\"Statement\":[{\"Sid\":\"EcsTaskExecutionRole\",\"Effect\":\"Allow\",\"Principal\":{\"Service\":\"ecs-tasks.amazonaws.com\"},\"Action\":\"sts:AssumeRole\"}]}",
                            "create_date": "2019-06-04T13:41:53Z",
                            "description": "",
                            "force_detach_policies": "false",
                            "id": "customer-service-stg-role",
                            "max_session_duration": "3600",
                            "name": "customer-service-stg-role",
                            "path": "/",
                            "tags.%": "0",
                            "unique_id": "AROAW6XF2QZIQVWOFD3BM"
                        },
                        "meta": {},
                        "tainted": false
                    },
                    "deposed": [],
                    "provider": "provider.aws"
                },
                "aws_iam_role.library_role": {
                    "type": "aws_iam_role",
                    "depends_on": [],
                    "primary": {
                        "id": "library-stg-role",
                        "attributes": {
                            "arn": "arn:aws:iam::478297097809:role/library-stg-role",
                            "assume_role_policy": "{\"Version\":\"2012-10-17\",\"Statement\":[{\"Sid\":\"EcsTaskExecutionRole\",\"Effect\":\"Allow\",\"Principal\":{\"Service\":\"ecs-tasks.amazonaws.com\"},\"Action\":\"sts:AssumeRole\"}]}",
                            "create_date": "2019-06-04T13:41:53Z",
                            "description": "",
                            "force_detach_policies": "false",
                            "id": "library-stg-role",
                            "max_session_duration": "3600",
                            "name": "library-stg-role",
                            "path": "/",
                            "tags.%": "1",
                            "tags.Environment": "stg",
                            "unique_id": "AROAW6XF2QZIRCWDF5YNC"
                        },
                        "meta": {},
                        "tainted": false
                    },
                    "deposed": [],
                    "provider": "provider.aws"
                },
                "aws_iam_role.payments_role": {
                    "type": "aws_iam_role",
                    "depends_on": [],
                    "primary": {
                        "id": "payments-stg-role",
                        "attributes": {
                            "arn": "arn:aws:iam::478297097809:role/payments-stg-role",
                            "assume_role_policy": "{\"Version\":\"2012-10-17\",\"Statement\":[{\"Sid\":\"EcsTaskExecutionRole\",\"Effect\":\"Allow\",\"Principal\":{\"Service\":\"ecs-tasks.amazonaws.com\"},\"Action\":\"sts:AssumeRole\"}]}",
                            "create_date": "2019-06-04T13:41:53Z",
                            "description": "",
                            "force_detach_policies": "false",
                            "id": "payments-stg-role",
                            "max_session_duration": "3600",
                            "name": "payments-stg-role",
                            "path": "/",
                            "tags.%": "0",
                            "unique_id": "AROAW6XF2QZISNIHNSXYL"
                        },
                        "meta": {},
                        "tainted": false
                    },
                    "deposed": [],
                    "provider": "provider.aws"
                },
                "aws_iam_role_policy.accounts_dynamodb_policy": {
                    "type": "aws_iam_role_policy",
                    "depends_on": [
                        "aws_dynamodb_table.account_table",
                        "aws_dynamodb_table.address_table",
                        "aws_dynamodb_table.credentials_table",
                        "aws_dynamodb_table.school_grade_room_table",
                        "aws_dynamodb_table.school_room_student_table",
                        "aws_dynamodb_table.sub_account_table",
                        "aws_dynamodb_table.user_table",
                        "aws_dynamodb_table.verification_token_table",
                        "aws_iam_role.accounts_role"
                    ],
                    "primary": {
                        "id": "accounts-stg-role:accounts-dynamodb-stg-policy",
                        "attributes": {
                            "id": "accounts-stg-role:accounts-dynamodb-stg-policy",
                            "name": "accounts-dynamodb-stg-policy",
                            "policy": "{\n  \"Version\": \"2012-10-17\",\n  \"Statement\": [\n    {\n      \"Sid\": \"AmazonDynamoDBReadWrite\",\n      \"Effect\": \"Allow\",\n      \"Action\": [\n        \"dynamodb:BatchGetItem\",\n        \"dynamodb:BatchWriteItem\",\n        \"dynamodb:PutItem\",\n        \"dynamodb:DeleteItem\",\n        \"dynamodb:GetItem\",\n        \"dynamodb:Query\",\n        \"dynamodb:Scan\",\n        \"dynamodb:UpdateItem\"\n      ],\n      \"Resource\": [\n        \"arn:aws:dynamodb:us-east-2:478297097809:table/dev.Account\",\n        \"arn:aws:dynamodb:us-east-2:478297097809:table/dev.Account/*\",\n        \"arn:aws:dynamodb:us-east-2:478297097809:table/dev.Credentials\",\n        \"arn:aws:dynamodb:us-east-2:478297097809:table/dev.Credentials/*\",\n        \"arn:aws:dynamodb:us-east-2:478297097809:table/dev.SubAccount\",\n        \"arn:aws:dynamodb:us-east-2:478297097809:table/dev.SubAccount/*\",\n        \"arn:aws:dynamodb:us-east-2:478297097809:table/dev.Address\",\n        \"arn:aws:dynamodb:us-east-2:478297097809:table/dev.Address/*\",\n        \"arn:aws:dynamodb:us-east-2:478297097809:table/dev.User\",\n        \"arn:aws:dynamodb:us-east-2:478297097809:table/dev.User/*\",\n        \"arn:aws:dynamodb:us-east-2:478297097809:table/dev.VerificationToken\",\n        \"arn:aws:dynamodb:us-east-2:478297097809:table/dev.VerificationToken/*\", \n        \"arn:aws:dynamodb:us-east-2:478297097809:table/dev.SchoolGradeRoom\",\n        \"arn:aws:dynamodb:us-east-2:478297097809:table/dev.SchoolGradeRoom/*\",\n        \"arn:aws:dynamodb:us-east-2:478297097809:table/dev.SchoolRoomStudent\",\n        \"arn:aws:dynamodb:us-east-2:478297097809:table/dev.SchoolRoomStudent/*\"\n      ]\n    }\n  ]\n}\n",
                            "role": "accounts-stg-role"
                        },
                        "meta": {},
                        "tainted": false
                    },
                    "deposed": [],
                    "provider": "provider.aws"
                },
                "aws_iam_role_policy.accounts_sns_policy": {
                    "type": "aws_iam_role_policy",
                    "depends_on": [
                        "aws_iam_role.accounts_role",
                        "data.aws_sns_topic.credentials_created_topic",
                        "data.aws_sns_topic.credentials_updated_topic",
                        "data.aws_sns_topic.credit_card_registration_topic",
                        "data.aws_sns_topic.sendmail_sns"
                    ],
                    "primary": {
                        "id": "accounts-stg-role:accounts-sns-stg-policy",
                        "attributes": {
                            "id": "accounts-stg-role:accounts-sns-stg-policy",
                            "name": "accounts-sns-stg-policy",
                            "policy": "{\n  \"Version\": \"2012-10-17\",\n  \"Statement\": [\n    {\n      \"Sid\": \"AmazonSNSWriteAccess\",\n      \"Effect\": \"Allow\",\n      \"Action\": \"sns:Publish\",\n      \"Resource\": [\n        \"arn:aws:sns:us-east-2:478297097809:credentials-created-topic\",\n        \"arn:aws:sns:us-east-2:478297097809:credentials-updated-topic\",\n        \"arn:aws:sns:us-east-2:478297097809:credit-card-registration-topic\",\n        \"arn:aws:sns:us-east-2:478297097809:sendmail-sns\"\n      ]\n    }\n  ]\n}\n",
                            "role": "accounts-stg-role"
                        },
                        "meta": {},
                        "tainted": false
                    },
                    "deposed": [],
                    "provider": "provider.aws"
                },
                "aws_iam_role_policy.authorization_server_dynamodb_policy": {
                    "type": "aws_iam_role_policy",
                    "depends_on": [
                        "aws_dynamodb_table.user_table",
                        "aws_iam_role.authorization_server_role"
                    ],
                    "primary": {
                        "id": "authorization-server-stg-role:authorization-server-dynamodb-stg-policy",
                        "attributes": {
                            "id": "authorization-server-stg-role:authorization-server-dynamodb-stg-policy",
                            "name": "authorization-server-dynamodb-stg-policy",
                            "policy": "{\n  \"Version\": \"2012-10-17\",\n  \"Statement\": [\n    {\n      \"Sid\": \"AmazonDynamoDBReadWrite\",\n      \"Effect\": \"Allow\",\n      \"Action\": [\n        \"dynamodb:BatchGetItem\",\n        \"dynamodb:BatchWriteItem\",\n        \"dynamodb:PutItem\",\n        \"dynamodb:DeleteItem\",\n        \"dynamodb:GetItem\",\n        \"dynamodb:Query\",\n        \"dynamodb:UpdateItem\"\n      ],\n      \"Resource\": [\n        \"arn:aws:dynamodb:us-east-2:478297097809:table/dev.User\",\n        \"arn:aws:dynamodb:us-east-2:478297097809:table/dev.User/*\"\n      ]\n    }\n  ]\n}\n",
                            "role": "authorization-server-stg-role"
                        },
                        "meta": {},
                        "tainted": false
                    },
                    "deposed": [],
                    "provider": "provider.aws"
                },
                "aws_iam_role_policy.authorization_server_sqs_policy": {
                    "type": "aws_iam_role_policy",
                    "depends_on": [
                        "aws_iam_role.authorization_server_role",
                        "data.aws_sqs_queue.authorization_server_queue"
                    ],
                    "primary": {
                        "id": "authorization-server-stg-role:authorization-server-sqs-stg-policy",
                        "attributes": {
                            "id": "authorization-server-stg-role:authorization-server-sqs-stg-policy",
                            "name": "authorization-server-sqs-stg-policy",
                            "policy": "{\n  \"Version\": \"2012-10-17\",\n  \"Statement\": [\n    {\n      \"Sid\": \"AmazonSQSReadAccess\",\n      \"Effect\": \"Allow\",\n      \"Action\": [\n        \"sqs:DeleteMessage\",\n        \"sqs:ReceiveMessage\"\n      ],\n      \"Resource\": \"arn:aws:sqs:us-east-2:478297097809:authorization-server-queue\"\n    }\n  ]\n}\n",
                            "role": "authorization-server-stg-role"
                        },
                        "meta": {},
                        "tainted": false
                    },
                    "deposed": [],
                    "provider": "provider.aws"
                },
                "aws_iam_role_policy.library_dynamodb_policy": {
                    "type": "aws_iam_role_policy",
                    "depends_on": [
                        "aws_dynamodb_table.bookmark_table",
                        "aws_dynamodb_table.read_book_table",
                        "aws_dynamodb_table.read_page_table",
                        "aws_dynamodb_table.review_table",
                        "aws_iam_role.library_role"
                    ],
                    "primary": {
                        "id": "library-stg-role:library-dynamodb-stg-policy",
                        "attributes": {
                            "id": "library-stg-role:library-dynamodb-stg-policy",
                            "name": "library-dynamodb-stg-policy",
                            "policy": "{\n  \"Version\": \"2012-10-17\",\n  \"Statement\": [\n    {\n      \"Sid\": \"AmazonDynamoDBReadWrite\",\n      \"Effect\": \"Allow\",\n      \"Action\": [\n        \"dynamodb:BatchGetItem\",\n        \"dynamodb:BatchWriteItem\",\n        \"dynamodb:PutItem\",\n        \"dynamodb:DeleteItem\",\n        \"dynamodb:GetItem\",\n        \"dynamodb:Query\",\n        \"dynamodb:UpdateItem\"\n      ],\n      \"Resource\": [\n        \"arn:aws:dynamodb:us-east-2:478297097809:table/dev.ReadPage\",\n        \"arn:aws:dynamodb:us-east-2:478297097809:table/dev.ReadPage/*\",\n        \"arn:aws:dynamodb:us-east-2:478297097809:table/dev.ReadBook\",\n        \"arn:aws:dynamodb:us-east-2:478297097809:table/dev.ReadBook/*\",\n        \"arn:aws:dynamodb:us-east-2:478297097809:table/dev.Bookmark\",\n        \"arn:aws:dynamodb:us-east-2:478297097809:table/dev.Bookmark/*\",\n        \"arn:aws:dynamodb:us-east-2:478297097809:table/dev.Review\",\n        \"arn:aws:dynamodb:us-east-2:478297097809:table/dev.Review/*\"\n      ]\n    }\n  ]\n}\n",
                            "role": "library-stg-role"
                        },
                        "meta": {},
                        "tainted": false
                    },
                    "deposed": [],
                    "provider": "provider.aws"
                },
                "aws_iam_role_policy.payments_sqs_policy": {
                    "type": "aws_iam_role_policy",
                    "depends_on": [
                        "aws_iam_role.payments_role",
                        "data.aws_sqs_queue.payments_queue"
                    ],
                    "primary": {
                        "id": "payments-stg-role:payments-sqs-stg-policy",
                        "attributes": {
                            "id": "payments-stg-role:payments-sqs-stg-policy",
                            "name": "payments-sqs-stg-policy",
                            "policy": "{\n  \"Version\": \"2012-10-17\",\n  \"Statement\": [\n    {\n      \"Sid\": \"AmazonSQSReadAccess\",\n      \"Effect\": \"Allow\",\n      \"Action\": [\n        \"sqs:DeleteMessage\",\n        \"sqs:ReceiveMessage\"\n      ],\n      \"Resource\": \"arn:aws:sqs:us-east-2:478297097809:payments-queue\"\n    }\n  ]\n}\n",
                            "role": "payments-stg-role"
                        },
                        "meta": {},
                        "tainted": false
                    },
                    "deposed": [],
                    "provider": "provider.aws"
                },
                "aws_iam_role_policy_attachment.policy-attach": {
                    "type": "aws_iam_role_policy_attachment",
                    "depends_on": [
                        "aws_iam_role.accounts_role"
                    ],
                    "primary": {
                        "id": "accounts-stg-role-20190604134154761500000002",
                        "attributes": {
                            "id": "accounts-stg-role-20190604134154761500000002",
                            "policy_arn": "arn:aws:iam::aws:policy/service-role/AmazonECSTaskExecutionRolePolicy",
                            "role": "accounts-stg-role"
                        },
                        "meta": {},
                        "tainted": false
                    },
                    "deposed": [],
                    "provider": "provider.aws"
                },
                "data.aws_ecr_repository.accounts": {
                    "type": "aws_ecr_repository",
                    "depends_on": [],
                    "primary": {
                        "id": "accounts",
                        "attributes": {
                            "arn": "arn:aws:ecr:us-east-2:478297097809:repository/accounts",
                            "id": "accounts",
                            "name": "accounts",
                            "registry_id": "478297097809",
                            "repository_url": "478297097809.dkr.ecr.us-east-2.amazonaws.com/accounts",
                            "tags.%": "0"
                        },
                        "meta": {},
                        "tainted": false
                    },
                    "deposed": [],
                    "provider": "provider.aws"
                },
                "data.aws_ecr_repository.authorization_server": {
                    "type": "aws_ecr_repository",
                    "depends_on": [],
                    "primary": {
                        "id": "authorization-server",
                        "attributes": {
                            "arn": "arn:aws:ecr:us-east-2:478297097809:repository/authorization-server",
                            "id": "authorization-server",
                            "name": "authorization-server",
                            "registry_id": "478297097809",
                            "repository_url": "478297097809.dkr.ecr.us-east-2.amazonaws.com/authorization-server",
                            "tags.%": "0"
                        },
                        "meta": {},
                        "tainted": false
                    },
                    "deposed": [],
                    "provider": "provider.aws"
                },
                "data.aws_ecr_repository.customer_service": {
                    "type": "aws_ecr_repository",
                    "depends_on": [],
                    "primary": {
                        "id": "customer-service",
                        "attributes": {
                            "arn": "arn:aws:ecr:us-east-2:478297097809:repository/customer-service",
                            "id": "customer-service",
                            "name": "customer-service",
                            "registry_id": "478297097809",
                            "repository_url": "478297097809.dkr.ecr.us-east-2.amazonaws.com/customer-service",
                            "tags.%": "0"
                        },
                        "meta": {},
                        "tainted": false
                    },
                    "deposed": [],
                    "provider": "provider.aws"
                },
                "data.aws_ecr_repository.library": {
                    "type": "aws_ecr_repository",
                    "depends_on": [],
                    "primary": {
                        "id": "library",
                        "attributes": {
                            "arn": "arn:aws:ecr:us-east-2:478297097809:repository/library",
                            "id": "library",
                            "name": "library",
                            "registry_id": "478297097809",
                            "repository_url": "478297097809.dkr.ecr.us-east-2.amazonaws.com/library",
                            "tags.%": "0"
                        },
                        "meta": {},
                        "tainted": false
                    },
                    "deposed": [],
                    "provider": "provider.aws"
                },
                "data.aws_ecr_repository.payments": {
                    "type": "aws_ecr_repository",
                    "depends_on": [],
                    "primary": {
                        "id": "payments",
                        "attributes": {
                            "arn": "arn:aws:ecr:us-east-2:478297097809:repository/payments",
                            "id": "payments",
                            "name": "payments",
                            "registry_id": "478297097809",
                            "repository_url": "478297097809.dkr.ecr.us-east-2.amazonaws.com/payments",
                            "tags.%": "0"
                        },
                        "meta": {},
                        "tainted": false
                    },
                    "deposed": [],
                    "provider": "provider.aws"
                },
                "data.aws_lb_listener.listener": {
                    "type": "aws_lb_listener",
                    "depends_on": [],
                    "primary": {
                        "id": "arn:aws:elasticloadbalancing:us-east-2:478297097809:listener/app/netlit-load-balancer/e46ba5355555117e/eff5f74fa2f7ee8a",
                        "attributes": {
                            "arn": "arn:aws:elasticloadbalancing:us-east-2:478297097809:listener/app/netlit-load-balancer/e46ba5355555117e/eff5f74fa2f7ee8a",
                            "default_action.#": "1",
                            "default_action.0.authenticate_cognito.#": "0",
                            "default_action.0.authenticate_oidc.#": "0",
                            "default_action.0.fixed_response.#": "1",
                            "default_action.0.fixed_response.0.content_type": "application/json",
                            "default_action.0.fixed_response.0.message_body": "{\"error\":\"Not Found\"}",
                            "default_action.0.fixed_response.0.status_code": "404",
                            "default_action.0.order": "1",
                            "default_action.0.redirect.#": "0",
                            "default_action.0.target_group_arn": "",
                            "default_action.0.type": "fixed-response",
                            "id": "arn:aws:elasticloadbalancing:us-east-2:478297097809:listener/app/netlit-load-balancer/e46ba5355555117e/eff5f74fa2f7ee8a",
                            "load_balancer_arn": "arn:aws:elasticloadbalancing:us-east-2:478297097809:loadbalancer/app/netlit-load-balancer/e46ba5355555117e",
                            "port": "80",
                            "protocol": "HTTP",
                            "ssl_policy": ""
                        },
                        "meta": {},
                        "tainted": false
                    },
                    "deposed": [],
                    "provider": "provider.aws"
                },
                "data.aws_security_groups.security_groups": {
                    "type": "aws_security_groups",
                    "depends_on": [],
                    "primary": {
                        "id": "terraform-20190906103924103700000001",
                        "attributes": {
                            "filter.#": "1",
                            "filter.2499112924.name": "group-name",
                            "filter.2499112924.values.#": "1",
                            "filter.2499112924.values.0": "*ecs-tasks*",
                            "id": "terraform-20190906103924103700000001",
                            "ids.#": "1",
                            "ids.0": "sg-022cb5fa20cb8b5ce",
                            "vpc_ids.#": "1",
                            "vpc_ids.0": "vpc-092993e2dee571ef9"
                        },
                        "meta": {},
                        "tainted": false
                    },
                    "deposed": [],
                    "provider": "provider.aws"
                },
                "data.aws_sns_topic.credentials_created_topic": {
                    "type": "aws_sns_topic",
                    "depends_on": [],
                    "primary": {
                        "id": "2019-09-06 10:39:25.164643881 +0000 UTC",
                        "attributes": {
                            "arn": "arn:aws:sns:us-east-2:478297097809:credentials-created-topic",
                            "id": "2019-09-06 10:39:25.164643881 +0000 UTC",
                            "name": "credentials-created-topic"
                        },
                        "meta": {},
                        "tainted": false
                    },
                    "deposed": [],
                    "provider": "provider.aws"
                },
                "data.aws_sns_topic.credentials_updated_topic": {
                    "type": "aws_sns_topic",
                    "depends_on": [],
                    "primary": {
                        "id": "2019-09-06 10:39:23.997479163 +0000 UTC",
                        "attributes": {
                            "arn": "arn:aws:sns:us-east-2:478297097809:credentials-updated-topic",
                            "id": "2019-09-06 10:39:23.997479163 +0000 UTC",
                            "name": "credentials-updated-topic"
                        },
                        "meta": {},
                        "tainted": false
                    },
                    "deposed": [],
                    "provider": "provider.aws"
                },
                "data.aws_sns_topic.credit_card_registration_topic": {
                    "type": "aws_sns_topic",
                    "depends_on": [],
                    "primary": {
                        "id": "2019-09-06 10:39:22.421596044 +0000 UTC",
                        "attributes": {
                            "arn": "arn:aws:sns:us-east-2:478297097809:credit-card-registration-topic",
                            "id": "2019-09-06 10:39:22.421596044 +0000 UTC",
                            "name": "credit-card-registration-topic"
                        },
                        "meta": {},
                        "tainted": false
                    },
                    "deposed": [],
                    "provider": "provider.aws"
                },
                "data.aws_sns_topic.sendmail_sns": {
                    "type": "aws_sns_topic",
                    "depends_on": [],
                    "primary": {
                        "id": "2019-09-06 10:39:24.864735114 +0000 UTC",
                        "attributes": {
                            "arn": "arn:aws:sns:us-east-2:478297097809:sendmail-sns",
                            "id": "2019-09-06 10:39:24.864735114 +0000 UTC",
                            "name": "sendmail-sns"
                        },
                        "meta": {},
                        "tainted": false
                    },
                    "deposed": [],
                    "provider": "provider.aws"
                },
                "data.aws_sqs_queue.authorization_server_queue": {
                    "type": "aws_sqs_queue",
                    "depends_on": [],
                    "primary": {
                        "id": "https://sqs.us-east-2.amazonaws.com/478297097809/authorization-server-queue",
                        "attributes": {
                            "arn": "arn:aws:sqs:us-east-2:478297097809:authorization-server-queue",
                            "id": "https://sqs.us-east-2.amazonaws.com/478297097809/authorization-server-queue",
                            "name": "authorization-server-queue",
                            "url": "https://sqs.us-east-2.amazonaws.com/478297097809/authorization-server-queue"
                        },
                        "meta": {},
                        "tainted": false
                    },
                    "deposed": [],
                    "provider": "provider.aws"
                },
                "data.aws_sqs_queue.payments_queue": {
                    "type": "aws_sqs_queue",
                    "depends_on": [],
                    "primary": {
                        "id": "https://sqs.us-east-2.amazonaws.com/478297097809/payments-queue",
                        "attributes": {
                            "arn": "arn:aws:sqs:us-east-2:478297097809:payments-queue",
                            "id": "https://sqs.us-east-2.amazonaws.com/478297097809/payments-queue",
                            "name": "payments-queue",
                            "url": "https://sqs.us-east-2.amazonaws.com/478297097809/payments-queue"
                        },
                        "meta": {},
                        "tainted": false
                    },
                    "deposed": [],
                    "provider": "provider.aws"
                },
                "data.aws_vpc.main": {
                    "type": "aws_vpc",
                    "depends_on": [],
                    "primary": {
                        "id": "vpc-092993e2dee571ef9",
                        "attributes": {
                            "arn": "arn:aws:ec2:us-east-2:478297097809:vpc/vpc-092993e2dee571ef9",
                            "cidr_block": "172.17.0.0/16",
                            "cidr_block_associations.#": "1",
                            "cidr_block_associations.0.association_id": "vpc-cidr-assoc-02cc5a9e7752275a1",
                            "cidr_block_associations.0.cidr_block": "172.17.0.0/16",
                            "cidr_block_associations.0.state": "associated",
                            "default": "false",
                            "dhcp_options_id": "dopt-5e3dd335",
                            "enable_dns_hostnames": "true",
                            "enable_dns_support": "true",
                            "id": "vpc-092993e2dee571ef9",
                            "instance_tenancy": "default",
                            "main_route_table_id": "rtb-0d425743573000756",
                            "owner_id": "478297097809",
                            "state": "available",
                            "tags.%": "2",
                            "tags.Environment": "stg",
                            "tags.Name": "netlit-network"
                        },
                        "meta": {},
                        "tainted": false
                    },
                    "deposed": [],
                    "provider": "provider.aws"
                }
            },
            "depends_on": []
        },
        {
            "path": [
                "root",
                "accounts"
            ],
            "outputs": {
                "discovery_dns": {
                    "sensitive": false,
                    "type": "string",
                    "value": "accounts.netlit.local.stg"
                }
            },
            "resources": {
                "aws_alb_target_group.app": {
                    "type": "aws_alb_target_group",
                    "depends_on": [],
                    "primary": {
                        "id": "arn:aws:elasticloadbalancing:us-east-2:478297097809:targetgroup/accounts/1361724c82c45586",
                        "attributes": {
                            "arn": "arn:aws:elasticloadbalancing:us-east-2:478297097809:targetgroup/accounts/1361724c82c45586",
                            "arn_suffix": "targetgroup/accounts/1361724c82c45586",
                            "deregistration_delay": "300",
                            "health_check.#": "1",
                            "health_check.0.enabled": "true",
                            "health_check.0.healthy_threshold": "3",
                            "health_check.0.interval": "30",
                            "health_check.0.matcher": "200",
                            "health_check.0.path": "/v1/actuator/health",
                            "health_check.0.port": "traffic-port",
                            "health_check.0.protocol": "HTTP",
                            "health_check.0.timeout": "3",
                            "health_check.0.unhealthy_threshold": "2",
                            "id": "arn:aws:elasticloadbalancing:us-east-2:478297097809:targetgroup/accounts/1361724c82c45586",
                            "lambda_multi_value_headers_enabled": "false",
                            "name": "accounts",
                            "port": "80",
                            "protocol": "HTTP",
                            "proxy_protocol_v2": "false",
                            "slow_start": "0",
                            "stickiness.#": "1",
                            "stickiness.0.cookie_duration": "86400",
                            "stickiness.0.enabled": "false",
                            "stickiness.0.type": "lb_cookie",
                            "tags.%": "0",
                            "target_type": "ip",
                            "vpc_id": "vpc-092993e2dee571ef9"
                        },
                        "meta": {},
                        "tainted": false
                    },
                    "deposed": [],
                    "provider": "provider.aws"
                },
                "aws_cloudwatch_log_group.application_log_group": {
                    "type": "aws_cloudwatch_log_group",
                    "depends_on": [],
                    "primary": {
                        "id": "/ecs/accounts-app",
                        "attributes": {
                            "arn": "arn:aws:logs:us-east-2:478297097809:log-group:/ecs/accounts-app:*",
                            "id": "/ecs/accounts-app",
                            "kms_key_id": "",
                            "name": "/ecs/accounts-app",
                            "retention_in_days": "30",
                            "tags.%": "1",
                            "tags.Name": "accounts-log-group"
                        },
                        "meta": {},
                        "tainted": false
                    },
                    "deposed": [],
                    "provider": "provider.aws"
                },
                "aws_cloudwatch_log_stream.application_log_stream": {
                    "type": "aws_cloudwatch_log_stream",
                    "depends_on": [
                        "aws_cloudwatch_log_group.application_log_group"
                    ],
                    "primary": {
                        "id": "accounts-log-stream",
                        "attributes": {
                            "arn": "arn:aws:logs:us-east-2:478297097809:log-group:/ecs/accounts-app:log-stream:accounts-log-stream",
                            "id": "accounts-log-stream",
                            "log_group_name": "/ecs/accounts-app",
                            "name": "accounts-log-stream"
                        },
                        "meta": {},
                        "tainted": false
                    },
                    "deposed": [],
                    "provider": "provider.aws"
                },
                "aws_ecs_service.application": {
                    "type": "aws_ecs_service",
                    "depends_on": [
                        "aws_alb_target_group.app",
                        "aws_ecs_task_definition.app",
                        "aws_service_discovery_service.service_discovery",
                        "data.aws_subnet_ids.privates"
                    ],
                    "primary": {
                        "id": "arn:aws:ecs:us-east-2:478297097809:service/accounts",
                        "attributes": {
                            "cluster": "arn:aws:ecs:us-east-2:478297097809:cluster/netlit-cluster",
                            "deployment_controller.#": "1",
                            "deployment_controller.0.type": "ECS",
                            "deployment_maximum_percent": "200",
                            "deployment_minimum_healthy_percent": "100",
                            "desired_count": "1",
                            "enable_ecs_managed_tags": "false",
                            "health_check_grace_period_seconds": "0",
                            "iam_role": "aws-service-role",
                            "id": "arn:aws:ecs:us-east-2:478297097809:service/accounts",
                            "launch_type": "FARGATE",
                            "load_balancer.#": "1",
                            "load_balancer.3633353665.container_name": "accounts-app",
                            "load_balancer.3633353665.container_port": "8080",
                            "load_balancer.3633353665.elb_name": "",
                            "load_balancer.3633353665.target_group_arn": "arn:aws:elasticloadbalancing:us-east-2:478297097809:targetgroup/accounts/1361724c82c45586",
                            "name": "accounts",
                            "network_configuration.#": "1",
                            "network_configuration.0.assign_public_ip": "true",
                            "network_configuration.0.security_groups.#": "1",
                            "network_configuration.0.security_groups.1961460309": "sg-022cb5fa20cb8b5ce",
                            "network_configuration.0.subnets.#": "2",
                            "network_configuration.0.subnets.1402688501": "subnet-01c58976cac74dd7a",
                            "network_configuration.0.subnets.3553502681": "subnet-04d6d2b1fcd209db7",
                            "ordered_placement_strategy.#": "0",
                            "placement_constraints.#": "0",
                            "placement_strategy.#": "0",
                            "platform_version": "LATEST",
                            "propagate_tags": "NONE",
                            "scheduling_strategy": "REPLICA",
                            "service_registries.#": "1",
                            "service_registries.2758731031.container_name": "",
                            "service_registries.2758731031.container_port": "0",
                            "service_registries.2758731031.port": "8080",
                            "service_registries.2758731031.registry_arn": "arn:aws:servicediscovery:us-east-2:478297097809:service/srv-pt2jiuzg2znnikg3",
                            "tags.%": "0",
                            "task_definition": "arn:aws:ecs:us-east-2:478297097809:task-definition/accounts-app-task:22"
                        },
                        "meta": {},
                        "tainted": false
                    },
                    "deposed": [],
                    "provider": "provider.aws"
                },
                "aws_ecs_task_definition.app": {
                    "type": "aws_ecs_task_definition",
                    "depends_on": [
                        "data.aws_iam_role.execution_role",
                        "data.template_file.application"
                    ],
                    "primary": {
                        "id": "accounts-app-task",
                        "attributes": {
                            "arn": "arn:aws:ecs:us-east-2:478297097809:task-definition/accounts-app-task:22",
                            "container_definitions": "[{\"cpu\":512,\"environment\":[{\"name\":\"AUTHORIZATION_SERVER_URI\",\"value\":\"http://authorization-server.netlit.local.stg:8080/v1/oauth/user\"},{\"name\":\"SPRING_DATASOURCE_URL\",\"value\":\"jdbc:mysql://payments.cwqhhhkhaxkf.us-east-2.rds.amazonaws.com:3306/payments\"},{\"name\":\"SPRING_PROFILES_ACTIVE\",\"value\":\"dev\"},{\"name\":\"SPRING_MAIL_PASSWORD\",\"value\":\"MkTEb$a35\"},{\"name\":\"SPRING_DATASOURCE_USERNAME\",\"value\":\"KqwU76juxEcXtCdf\"},{\"name\":\"SNS_CREDENTIALS_UPDATED_TOPIC\",\"value\":\"arn:aws:sns:us-east-2:478297097809:credentials-updated-topic\"},{\"name\":\"SNS_CREDIT_CARD_REGISTRATION_TOPIC\",\"value\":\"arn:aws:sns:us-east-2:478297097809:credit-card-registration-topic\"},{\"name\":\"SPRING_MAIL_USERNAME\",\"value\":\"no-reply@editoradobrasil.com.br\"},{\"name\":\"SPRING_DATASOURCE_PASSWORD\",\"value\":\"AJT8EPYcNGxMqpKm\"},{\"name\":\"AWS_SQS_QUEUE_SENDMAIL\",\"value\":\"https://sqs.us-east-2.amazonaws.com/478297097809/sendmail\"},{\"name\":\"AWS_SNS_TOPIC_SENDMAIL\",\"value\":\"arn:aws:sns:us-east-2:478297097809:sendmail-sns\"},{\"name\":\"AWS_SNS_TOPIC\",\"value\":\"arn:aws:sns:us-east-2:478297097809:credentials-created-topic\"},{\"name\":\"NETLIT_PROTHEUS_URL\",\"value\":\"http://200.201.128.38:18238/netlit/PEDIDOSNETLIT.apw?WSDL\"}],\"essential\":true,\"image\":\"478297097809.dkr.ecr.us-east-2.amazonaws.com/accounts:1.0.5-SNAPSHOT\",\"logConfiguration\":{\"logDriver\":\"awslogs\",\"options\":{\"awslogs-group\":\"/ecs/accounts-app\",\"awslogs-region\":\"us-east-2\",\"awslogs-stream-prefix\":\"ecs\"}},\"memory\":1024,\"mountPoints\":[],\"name\":\"accounts-app\",\"portMappings\":[{\"containerPort\":8080,\"hostPort\":8080,\"protocol\":\"tcp\"}],\"volumesFrom\":[]}]",
                            "cpu": "512",
                            "execution_role_arn": "arn:aws:iam::478297097809:role/ecsTaskExecutionRole",
                            "family": "accounts-app-task",
                            "id": "accounts-app-task",
                            "memory": "1024",
                            "network_mode": "awsvpc",
                            "placement_constraints.#": "0",
                            "requires_compatibilities.#": "1",
                            "requires_compatibilities.3072437307": "FARGATE",
                            "revision": "22",
                            "tags.%": "0",
                            "task_role_arn": "arn:aws:iam::478297097809:role/accounts-stg-role",
                            "volume.#": "0"
                        },
                        "meta": {
                            "schema_version": "1"
                        },
                        "tainted": false
                    },
                    "deposed": [],
                    "provider": "provider.aws"
                },
                "aws_lb_listener_rule.container.0": {
                    "type": "aws_lb_listener_rule",
                    "depends_on": [
                        "aws_alb_target_group.app",
                        "data.aws_alb_listener.listener"
                    ],
                    "primary": {
                        "id": "arn:aws:elasticloadbalancing:us-east-2:478297097809:listener-rule/app/netlit-load-balancer/e46ba5355555117e/eff5f74fa2f7ee8a/add354b9bc2b9d3d",
                        "attributes": {
                            "action.#": "1",
                            "action.0.authenticate_cognito.#": "0",
                            "action.0.authenticate_oidc.#": "0",
                            "action.0.fixed_response.#": "0",
                            "action.0.order": "1",
                            "action.0.redirect.#": "0",
                            "action.0.target_group_arn": "arn:aws:elasticloadbalancing:us-east-2:478297097809:targetgroup/accounts/1361724c82c45586",
                            "action.0.type": "forward",
                            "arn": "arn:aws:elasticloadbalancing:us-east-2:478297097809:listener-rule/app/netlit-load-balancer/e46ba5355555117e/eff5f74fa2f7ee8a/add354b9bc2b9d3d",
                            "condition.#": "1",
                            "condition.1414920935.field": "path-pattern",
                            "condition.1414920935.values.#": "1",
                            "condition.1414920935.values.0": "/v1/accounts*",
                            "id": "arn:aws:elasticloadbalancing:us-east-2:478297097809:listener-rule/app/netlit-load-balancer/e46ba5355555117e/eff5f74fa2f7ee8a/add354b9bc2b9d3d",
                            "listener_arn": "arn:aws:elasticloadbalancing:us-east-2:478297097809:listener/app/netlit-load-balancer/e46ba5355555117e/eff5f74fa2f7ee8a",
                            "priority": "7"
                        },
                        "meta": {},
                        "tainted": false
                    },
                    "deposed": [],
                    "provider": "provider.aws"
                },
                "aws_lb_listener_rule.container.1": {
                    "type": "aws_lb_listener_rule",
                    "depends_on": [
                        "aws_alb_target_group.app",
                        "data.aws_alb_listener.listener"
                    ],
                    "primary": {
                        "id": "arn:aws:elasticloadbalancing:us-east-2:478297097809:listener-rule/app/netlit-load-balancer/e46ba5355555117e/eff5f74fa2f7ee8a/eaf35b743d27b1c0",
                        "attributes": {
                            "action.#": "1",
                            "action.0.authenticate_cognito.#": "0",
                            "action.0.authenticate_oidc.#": "0",
                            "action.0.fixed_response.#": "0",
                            "action.0.order": "1",
                            "action.0.redirect.#": "0",
                            "action.0.target_group_arn": "arn:aws:elasticloadbalancing:us-east-2:478297097809:targetgroup/accounts/1361724c82c45586",
                            "action.0.type": "forward",
                            "arn": "arn:aws:elasticloadbalancing:us-east-2:478297097809:listener-rule/app/netlit-load-balancer/e46ba5355555117e/eff5f74fa2f7ee8a/eaf35b743d27b1c0",
                            "condition.#": "1",
                            "condition.3973242510.field": "path-pattern",
                            "condition.3973242510.values.#": "1",
                            "condition.3973242510.values.0": "/v1/*-accounts*",
                            "id": "arn:aws:elasticloadbalancing:us-east-2:478297097809:listener-rule/app/netlit-load-balancer/e46ba5355555117e/eff5f74fa2f7ee8a/eaf35b743d27b1c0",
                            "listener_arn": "arn:aws:elasticloadbalancing:us-east-2:478297097809:listener/app/netlit-load-balancer/e46ba5355555117e/eff5f74fa2f7ee8a",
                            "priority": "4"
                        },
                        "meta": {},
                        "tainted": false
                    },
                    "deposed": [],
                    "provider": "provider.aws"
                },
                "aws_lb_listener_rule.container.10": {
                    "type": "aws_lb_listener_rule",
                    "depends_on": [
                        "aws_alb_target_group.app",
                        "data.aws_alb_listener.listener"
                    ],
                    "primary": {
                        "id": "arn:aws:elasticloadbalancing:us-east-2:478297097809:listener-rule/app/netlit-load-balancer/e46ba5355555117e/eff5f74fa2f7ee8a/01cbc83d9cb7e0d7",
                        "attributes": {
                            "action.#": "1",
                            "action.0.authenticate_cognito.#": "0",
                            "action.0.authenticate_oidc.#": "0",
                            "action.0.fixed_response.#": "0",
                            "action.0.order": "1",
                            "action.0.redirect.#": "0",
                            "action.0.target_group_arn": "arn:aws:elasticloadbalancing:us-east-2:478297097809:targetgroup/accounts/1361724c82c45586",
                            "action.0.type": "forward",
                            "arn": "arn:aws:elasticloadbalancing:us-east-2:478297097809:listener-rule/app/netlit-load-balancer/e46ba5355555117e/eff5f74fa2f7ee8a/01cbc83d9cb7e0d7",
                            "condition.#": "1",
                            "condition.1785404103.field": "path-pattern",
                            "condition.1785404103.values.#": "1",
                            "condition.1785404103.values.0": "/v1/webjars/**",
                            "id": "arn:aws:elasticloadbalancing:us-east-2:478297097809:listener-rule/app/netlit-load-balancer/e46ba5355555117e/eff5f74fa2f7ee8a/01cbc83d9cb7e0d7",
                            "listener_arn": "arn:aws:elasticloadbalancing:us-east-2:478297097809:listener/app/netlit-load-balancer/e46ba5355555117e/eff5f74fa2f7ee8a",
                            "priority": "30"
                        },
                        "meta": {},
                        "tainted": false
                    },
                    "deposed": [],
                    "provider": "provider.aws"
                },
                "aws_lb_listener_rule.container.11": {
                    "type": "aws_lb_listener_rule",
                    "depends_on": [
                        "aws_alb_target_group.app",
                        "data.aws_alb_listener.listener"
                    ],
                    "primary": {
                        "id": "arn:aws:elasticloadbalancing:us-east-2:478297097809:listener-rule/app/netlit-load-balancer/e46ba5355555117e/eff5f74fa2f7ee8a/e442db2b8c9cf4bc",
                        "attributes": {
                            "action.#": "1",
                            "action.0.authenticate_cognito.#": "0",
                            "action.0.authenticate_oidc.#": "0",
                            "action.0.fixed_response.#": "0",
                            "action.0.order": "1",
                            "action.0.redirect.#": "0",
                            "action.0.target_group_arn": "arn:aws:elasticloadbalancing:us-east-2:478297097809:targetgroup/accounts/1361724c82c45586",
                            "action.0.type": "forward",
                            "arn": "arn:aws:elasticloadbalancing:us-east-2:478297097809:listener-rule/app/netlit-load-balancer/e46ba5355555117e/eff5f74fa2f7ee8a/e442db2b8c9cf4bc",
                            "condition.#": "1",
                            "condition.3465396836.field": "path-pattern",
                            "condition.3465396836.values.#": "1",
                            "condition.3465396836.values.0": "/v1/registration*",
                            "id": "arn:aws:elasticloadbalancing:us-east-2:478297097809:listener-rule/app/netlit-load-balancer/e46ba5355555117e/eff5f74fa2f7ee8a/e442db2b8c9cf4bc",
                            "listener_arn": "arn:aws:elasticloadbalancing:us-east-2:478297097809:listener/app/netlit-load-balancer/e46ba5355555117e/eff5f74fa2f7ee8a",
                            "priority": "33"
                        },
                        "meta": {},
                        "tainted": false
                    },
                    "deposed": [],
                    "provider": "provider.aws"
                },
                "aws_lb_listener_rule.container.12": {
                    "type": "aws_lb_listener_rule",
                    "depends_on": [
                        "aws_alb_target_group.app",
                        "data.aws_alb_listener.listener"
                    ],
                    "primary": {
                        "id": "arn:aws:elasticloadbalancing:us-east-2:478297097809:listener-rule/app/netlit-load-balancer/e46ba5355555117e/eff5f74fa2f7ee8a/9fd80c8b9760955a",
                        "attributes": {
                            "action.#": "1",
                            "action.0.authenticate_cognito.#": "0",
                            "action.0.authenticate_oidc.#": "0",
                            "action.0.fixed_response.#": "0",
                            "action.0.order": "1",
                            "action.0.redirect.#": "0",
                            "action.0.target_group_arn": "arn:aws:elasticloadbalancing:us-east-2:478297097809:targetgroup/accounts/1361724c82c45586",
                            "action.0.type": "forward",
                            "arn": "arn:aws:elasticloadbalancing:us-east-2:478297097809:listener-rule/app/netlit-load-balancer/e46ba5355555117e/eff5f74fa2f7ee8a/9fd80c8b9760955a",
                            "condition.#": "1",
                            "condition.2253513067.field": "path-pattern",
                            "condition.2253513067.values.#": "1",
                            "condition.2253513067.values.0": "/v1/orders*",
                            "id": "arn:aws:elasticloadbalancing:us-east-2:478297097809:listener-rule/app/netlit-load-balancer/e46ba5355555117e/eff5f74fa2f7ee8a/9fd80c8b9760955a",
                            "listener_arn": "arn:aws:elasticloadbalancing:us-east-2:478297097809:listener/app/netlit-load-balancer/e46ba5355555117e/eff5f74fa2f7ee8a",
                            "priority": "35"
                        },
                        "meta": {},
                        "tainted": false
                    },
                    "deposed": [],
                    "provider": "provider.aws"
                },
                "aws_lb_listener_rule.container.13": {
                    "type": "aws_lb_listener_rule",
                    "depends_on": [
                        "aws_alb_target_group.app",
                        "data.aws_alb_listener.listener"
                    ],
                    "primary": {
                        "id": "arn:aws:elasticloadbalancing:us-east-2:478297097809:listener-rule/app/netlit-load-balancer/e46ba5355555117e/eff5f74fa2f7ee8a/2be15208d19be08c",
                        "attributes": {
                            "action.#": "1",
                            "action.0.authenticate_cognito.#": "0",
                            "action.0.authenticate_oidc.#": "0",
                            "action.0.fixed_response.#": "0",
                            "action.0.order": "1",
                            "action.0.redirect.#": "0",
                            "action.0.target_group_arn": "arn:aws:elasticloadbalancing:us-east-2:478297097809:targetgroup/accounts/1361724c82c45586",
                            "action.0.type": "forward",
                            "arn": "arn:aws:elasticloadbalancing:us-east-2:478297097809:listener-rule/app/netlit-load-balancer/e46ba5355555117e/eff5f74fa2f7ee8a/2be15208d19be08c",
                            "condition.#": "1",
                            "condition.692990919.field": "path-pattern",
                            "condition.692990919.values.#": "1",
                            "condition.692990919.values.0": "/v1/uploads*",
                            "id": "arn:aws:elasticloadbalancing:us-east-2:478297097809:listener-rule/app/netlit-load-balancer/e46ba5355555117e/eff5f74fa2f7ee8a/2be15208d19be08c",
                            "listener_arn": "arn:aws:elasticloadbalancing:us-east-2:478297097809:listener/app/netlit-load-balancer/e46ba5355555117e/eff5f74fa2f7ee8a",
                            "priority": "34"
                        },
                        "meta": {},
                        "tainted": false
                    },
                    "deposed": [],
                    "provider": "provider.aws"
                },
                "aws_lb_listener_rule.container.14": {
                    "type": "aws_lb_listener_rule",
                    "depends_on": [
                        "aws_alb_target_group.app",
                        "data.aws_alb_listener.listener"
                    ],
                    "primary": {
                        "id": "arn:aws:elasticloadbalancing:us-east-2:478297097809:listener-rule/app/netlit-load-balancer/e46ba5355555117e/eff5f74fa2f7ee8a/2be365e60a974e1c",
                        "attributes": {
                            "action.#": "1",
                            "action.0.authenticate_cognito.#": "0",
                            "action.0.authenticate_oidc.#": "0",
                            "action.0.fixed_response.#": "0",
                            "action.0.order": "1",
                            "action.0.redirect.#": "0",
                            "action.0.target_group_arn": "arn:aws:elasticloadbalancing:us-east-2:478297097809:targetgroup/accounts/1361724c82c45586",
                            "action.0.type": "forward",
                            "arn": "arn:aws:elasticloadbalancing:us-east-2:478297097809:listener-rule/app/netlit-load-balancer/e46ba5355555117e/eff5f74fa2f7ee8a/2be365e60a974e1c",
                            "condition.#": "1",
                            "condition.1934336994.field": "path-pattern",
                            "condition.1934336994.values.#": "1",
                            "condition.1934336994.values.0": "/v1/tests",
                            "id": "arn:aws:elasticloadbalancing:us-east-2:478297097809:listener-rule/app/netlit-load-balancer/e46ba5355555117e/eff5f74fa2f7ee8a/2be365e60a974e1c",
                            "listener_arn": "arn:aws:elasticloadbalancing:us-east-2:478297097809:listener/app/netlit-load-balancer/e46ba5355555117e/eff5f74fa2f7ee8a",
                            "priority": "37"
                        },
                        "meta": {},
                        "tainted": false
                    },
                    "deposed": [],
                    "provider": "provider.aws"
                },
                "aws_lb_listener_rule.container.15": {
                    "type": "aws_lb_listener_rule",
                    "depends_on": [
                        "aws_alb_target_group.app",
                        "data.aws_alb_listener.listener"
                    ],
                    "primary": {
                        "id": "arn:aws:elasticloadbalancing:us-east-2:478297097809:listener-rule/app/netlit-load-balancer/e46ba5355555117e/eff5f74fa2f7ee8a/8f9d9bba62e77871",
                        "attributes": {
                            "action.#": "1",
                            "action.0.authenticate_cognito.#": "0",
                            "action.0.authenticate_oidc.#": "0",
                            "action.0.fixed_response.#": "0",
                            "action.0.order": "1",
                            "action.0.redirect.#": "0",
                            "action.0.target_group_arn": "arn:aws:elasticloadbalancing:us-east-2:478297097809:targetgroup/accounts/1361724c82c45586",
                            "action.0.type": "forward",
                            "arn": "arn:aws:elasticloadbalancing:us-east-2:478297097809:listener-rule/app/netlit-load-balancer/e46ba5355555117e/eff5f74fa2f7ee8a/8f9d9bba62e77871",
                            "condition.#": "1",
                            "condition.3530012308.field": "path-pattern",
                            "condition.3530012308.values.#": "1",
                            "condition.3530012308.values.0": "/v1/school-grade-rooms*",
                            "id": "arn:aws:elasticloadbalancing:us-east-2:478297097809:listener-rule/app/netlit-load-balancer/e46ba5355555117e/eff5f74fa2f7ee8a/8f9d9bba62e77871",
                            "listener_arn": "arn:aws:elasticloadbalancing:us-east-2:478297097809:listener/app/netlit-load-balancer/e46ba5355555117e/eff5f74fa2f7ee8a",
                            "priority": "38"
                        },
                        "meta": {},
                        "tainted": false
                    },
                    "deposed": [],
                    "provider": "provider.aws"
                },
                "aws_lb_listener_rule.container.2": {
                    "type": "aws_lb_listener_rule",
                    "depends_on": [
                        "aws_alb_target_group.app",
                        "data.aws_alb_listener.listener"
                    ],
                    "primary": {
                        "id": "arn:aws:elasticloadbalancing:us-east-2:478297097809:listener-rule/app/netlit-load-balancer/e46ba5355555117e/eff5f74fa2f7ee8a/6e1b73baecb561f7",
                        "attributes": {
                            "action.#": "1",
                            "action.0.authenticate_cognito.#": "0",
                            "action.0.authenticate_oidc.#": "0",
                            "action.0.fixed_response.#": "0",
                            "action.0.order": "1",
                            "action.0.redirect.#": "0",
                            "action.0.target_group_arn": "arn:aws:elasticloadbalancing:us-east-2:478297097809:targetgroup/accounts/1361724c82c45586",
                            "action.0.type": "forward",
                            "arn": "arn:aws:elasticloadbalancing:us-east-2:478297097809:listener-rule/app/netlit-load-balancer/e46ba5355555117e/eff5f74fa2f7ee8a/6e1b73baecb561f7",
                            "condition.#": "1",
                            "condition.1850922345.field": "path-pattern",
                            "condition.1850922345.values.#": "1",
                            "condition.1850922345.values.0": "/v1/passwords*",
                            "id": "arn:aws:elasticloadbalancing:us-east-2:478297097809:listener-rule/app/netlit-load-balancer/e46ba5355555117e/eff5f74fa2f7ee8a/6e1b73baecb561f7",
                            "listener_arn": "arn:aws:elasticloadbalancing:us-east-2:478297097809:listener/app/netlit-load-balancer/e46ba5355555117e/eff5f74fa2f7ee8a",
                            "priority": "3"
                        },
                        "meta": {},
                        "tainted": false
                    },
                    "deposed": [],
                    "provider": "provider.aws"
                },
                "aws_lb_listener_rule.container.3": {
                    "type": "aws_lb_listener_rule",
                    "depends_on": [
                        "aws_alb_target_group.app",
                        "data.aws_alb_listener.listener"
                    ],
                    "primary": {
                        "id": "arn:aws:elasticloadbalancing:us-east-2:478297097809:listener-rule/app/netlit-load-balancer/e46ba5355555117e/eff5f74fa2f7ee8a/dc2eafa37b171ef4",
                        "attributes": {
                            "action.#": "1",
                            "action.0.authenticate_cognito.#": "0",
                            "action.0.authenticate_oidc.#": "0",
                            "action.0.fixed_response.#": "0",
                            "action.0.order": "1",
                            "action.0.redirect.#": "0",
                            "action.0.target_group_arn": "arn:aws:elasticloadbalancing:us-east-2:478297097809:targetgroup/accounts/1361724c82c45586",
                            "action.0.type": "forward",
                            "arn": "arn:aws:elasticloadbalancing:us-east-2:478297097809:listener-rule/app/netlit-load-balancer/e46ba5355555117e/eff5f74fa2f7ee8a/dc2eafa37b171ef4",
                            "condition.#": "1",
                            "condition.3175182591.field": "path-pattern",
                            "condition.3175182591.values.#": "1",
                            "condition.3175182591.values.0": "/v1/processes/*",
                            "id": "arn:aws:elasticloadbalancing:us-east-2:478297097809:listener-rule/app/netlit-load-balancer/e46ba5355555117e/eff5f74fa2f7ee8a/dc2eafa37b171ef4",
                            "listener_arn": "arn:aws:elasticloadbalancing:us-east-2:478297097809:listener/app/netlit-load-balancer/e46ba5355555117e/eff5f74fa2f7ee8a",
                            "priority": "14"
                        },
                        "meta": {},
                        "tainted": false
                    },
                    "deposed": [],
                    "provider": "provider.aws"
                },
                "aws_lb_listener_rule.container.4": {
                    "type": "aws_lb_listener_rule",
                    "depends_on": [
                        "aws_alb_target_group.app",
                        "data.aws_alb_listener.listener"
                    ],
                    "primary": {
                        "id": "arn:aws:elasticloadbalancing:us-east-2:478297097809:listener-rule/app/netlit-load-balancer/e46ba5355555117e/eff5f74fa2f7ee8a/d47b8eaae2a82587",
                        "attributes": {
                            "action.#": "1",
                            "action.0.authenticate_cognito.#": "0",
                            "action.0.authenticate_oidc.#": "0",
                            "action.0.fixed_response.#": "0",
                            "action.0.order": "1",
                            "action.0.redirect.#": "0",
                            "action.0.target_group_arn": "arn:aws:elasticloadbalancing:us-east-2:478297097809:targetgroup/accounts/1361724c82c45586",
                            "action.0.type": "forward",
                            "arn": "arn:aws:elasticloadbalancing:us-east-2:478297097809:listener-rule/app/netlit-load-balancer/e46ba5355555117e/eff5f74fa2f7ee8a/d47b8eaae2a82587",
                            "condition.#": "1",
                            "condition.3517053776.field": "path-pattern",
                            "condition.3517053776.values.#": "1",
                            "condition.3517053776.values.0": "/v1/v2/api-docs",
                            "id": "arn:aws:elasticloadbalancing:us-east-2:478297097809:listener-rule/app/netlit-load-balancer/e46ba5355555117e/eff5f74fa2f7ee8a/d47b8eaae2a82587",
                            "listener_arn": "arn:aws:elasticloadbalancing:us-east-2:478297097809:listener/app/netlit-load-balancer/e46ba5355555117e/eff5f74fa2f7ee8a",
                            "priority": "29"
                        },
                        "meta": {},
                        "tainted": false
                    },
                    "deposed": [],
                    "provider": "provider.aws"
                },
                "aws_lb_listener_rule.container.5": {
                    "type": "aws_lb_listener_rule",
                    "depends_on": [
                        "aws_alb_target_group.app",
                        "data.aws_alb_listener.listener"
                    ],
                    "primary": {
                        "id": "arn:aws:elasticloadbalancing:us-east-2:478297097809:listener-rule/app/netlit-load-balancer/e46ba5355555117e/eff5f74fa2f7ee8a/96de52fb9385721e",
                        "attributes": {
                            "action.#": "1",
                            "action.0.authenticate_cognito.#": "0",
                            "action.0.authenticate_oidc.#": "0",
                            "action.0.fixed_response.#": "0",
                            "action.0.order": "1",
                            "action.0.redirect.#": "0",
                            "action.0.target_group_arn": "arn:aws:elasticloadbalancing:us-east-2:478297097809:targetgroup/accounts/1361724c82c45586",
                            "action.0.type": "forward",
                            "arn": "arn:aws:elasticloadbalancing:us-east-2:478297097809:listener-rule/app/netlit-load-balancer/e46ba5355555117e/eff5f74fa2f7ee8a/96de52fb9385721e",
                            "condition.#": "1",
                            "condition.3718068507.field": "path-pattern",
                            "condition.3718068507.values.#": "1",
                            "condition.3718068507.values.0": "/v1/csrf",
                            "id": "arn:aws:elasticloadbalancing:us-east-2:478297097809:listener-rule/app/netlit-load-balancer/e46ba5355555117e/eff5f74fa2f7ee8a/96de52fb9385721e",
                            "listener_arn": "arn:aws:elasticloadbalancing:us-east-2:478297097809:listener/app/netlit-load-balancer/e46ba5355555117e/eff5f74fa2f7ee8a",
                            "priority": "25"
                        },
                        "meta": {},
                        "tainted": false
                    },
                    "deposed": [],
                    "provider": "provider.aws"
                },
                "aws_lb_listener_rule.container.6": {
                    "type": "aws_lb_listener_rule",
                    "depends_on": [
                        "aws_alb_target_group.app",
                        "data.aws_alb_listener.listener"
                    ],
                    "primary": {
                        "id": "arn:aws:elasticloadbalancing:us-east-2:478297097809:listener-rule/app/netlit-load-balancer/e46ba5355555117e/eff5f74fa2f7ee8a/f101eed2ddfbc7e0",
                        "attributes": {
                            "action.#": "1",
                            "action.0.authenticate_cognito.#": "0",
                            "action.0.authenticate_oidc.#": "0",
                            "action.0.fixed_response.#": "0",
                            "action.0.order": "1",
                            "action.0.redirect.#": "0",
                            "action.0.target_group_arn": "arn:aws:elasticloadbalancing:us-east-2:478297097809:targetgroup/accounts/1361724c82c45586",
                            "action.0.type": "forward",
                            "arn": "arn:aws:elasticloadbalancing:us-east-2:478297097809:listener-rule/app/netlit-load-balancer/e46ba5355555117e/eff5f74fa2f7ee8a/f101eed2ddfbc7e0",
                            "condition.#": "1",
                            "condition.129907854.field": "path-pattern",
                            "condition.129907854.values.#": "1",
                            "condition.129907854.values.0": "/v1/configuration/ui",
                            "id": "arn:aws:elasticloadbalancing:us-east-2:478297097809:listener-rule/app/netlit-load-balancer/e46ba5355555117e/eff5f74fa2f7ee8a/f101eed2ddfbc7e0",
                            "listener_arn": "arn:aws:elasticloadbalancing:us-east-2:478297097809:listener/app/netlit-load-balancer/e46ba5355555117e/eff5f74fa2f7ee8a",
                            "priority": "27"
                        },
                        "meta": {},
                        "tainted": false
                    },
                    "deposed": [],
                    "provider": "provider.aws"
                },
                "aws_lb_listener_rule.container.7": {
                    "type": "aws_lb_listener_rule",
                    "depends_on": [
                        "aws_alb_target_group.app",
                        "data.aws_alb_listener.listener"
                    ],
                    "primary": {
                        "id": "arn:aws:elasticloadbalancing:us-east-2:478297097809:listener-rule/app/netlit-load-balancer/e46ba5355555117e/eff5f74fa2f7ee8a/acf46399dbfbda3e",
                        "attributes": {
                            "action.#": "1",
                            "action.0.authenticate_cognito.#": "0",
                            "action.0.authenticate_oidc.#": "0",
                            "action.0.fixed_response.#": "0",
                            "action.0.order": "1",
                            "action.0.redirect.#": "0",
                            "action.0.target_group_arn": "arn:aws:elasticloadbalancing:us-east-2:478297097809:targetgroup/accounts/1361724c82c45586",
                            "action.0.type": "forward",
                            "arn": "arn:aws:elasticloadbalancing:us-east-2:478297097809:listener-rule/app/netlit-load-balancer/e46ba5355555117e/eff5f74fa2f7ee8a/acf46399dbfbda3e",
                            "condition.#": "1",
                            "condition.2917022166.field": "path-pattern",
                            "condition.2917022166.values.#": "1",
                            "condition.2917022166.values.0": "/v1/swagger-resources/**",
                            "id": "arn:aws:elasticloadbalancing:us-east-2:478297097809:listener-rule/app/netlit-load-balancer/e46ba5355555117e/eff5f74fa2f7ee8a/acf46399dbfbda3e",
                            "listener_arn": "arn:aws:elasticloadbalancing:us-east-2:478297097809:listener/app/netlit-load-balancer/e46ba5355555117e/eff5f74fa2f7ee8a",
                            "priority": "26"
                        },
                        "meta": {},
                        "tainted": false
                    },
                    "deposed": [],
                    "provider": "provider.aws"
                },
                "aws_lb_listener_rule.container.8": {
                    "type": "aws_lb_listener_rule",
                    "depends_on": [
                        "aws_alb_target_group.app",
                        "data.aws_alb_listener.listener"
                    ],
                    "primary": {
                        "id": "arn:aws:elasticloadbalancing:us-east-2:478297097809:listener-rule/app/netlit-load-balancer/e46ba5355555117e/eff5f74fa2f7ee8a/bae26c6991835065",
                        "attributes": {
                            "action.#": "1",
                            "action.0.authenticate_cognito.#": "0",
                            "action.0.authenticate_oidc.#": "0",
                            "action.0.fixed_response.#": "0",
                            "action.0.order": "1",
                            "action.0.redirect.#": "0",
                            "action.0.target_group_arn": "arn:aws:elasticloadbalancing:us-east-2:478297097809:targetgroup/accounts/1361724c82c45586",
                            "action.0.type": "forward",
                            "arn": "arn:aws:elasticloadbalancing:us-east-2:478297097809:listener-rule/app/netlit-load-balancer/e46ba5355555117e/eff5f74fa2f7ee8a/bae26c6991835065",
                            "condition.#": "1",
                            "condition.1911209725.field": "path-pattern",
                            "condition.1911209725.values.#": "1",
                            "condition.1911209725.values.0": "/v1/configuration/security/**",
                            "id": "arn:aws:elasticloadbalancing:us-east-2:478297097809:listener-rule/app/netlit-load-balancer/e46ba5355555117e/eff5f74fa2f7ee8a/bae26c6991835065",
                            "listener_arn": "arn:aws:elasticloadbalancing:us-east-2:478297097809:listener/app/netlit-load-balancer/e46ba5355555117e/eff5f74fa2f7ee8a",
                            "priority": "24"
                        },
                        "meta": {},
                        "tainted": false
                    },
                    "deposed": [],
                    "provider": "provider.aws"
                },
                "aws_lb_listener_rule.container.9": {
                    "type": "aws_lb_listener_rule",
                    "depends_on": [
                        "aws_alb_target_group.app",
                        "data.aws_alb_listener.listener"
                    ],
                    "primary": {
                        "id": "arn:aws:elasticloadbalancing:us-east-2:478297097809:listener-rule/app/netlit-load-balancer/e46ba5355555117e/eff5f74fa2f7ee8a/f1d5675e61b3bf1c",
                        "attributes": {
                            "action.#": "1",
                            "action.0.authenticate_cognito.#": "0",
                            "action.0.authenticate_oidc.#": "0",
                            "action.0.fixed_response.#": "0",
                            "action.0.order": "1",
                            "action.0.redirect.#": "0",
                            "action.0.target_group_arn": "arn:aws:elasticloadbalancing:us-east-2:478297097809:targetgroup/accounts/1361724c82c45586",
                            "action.0.type": "forward",
                            "arn": "arn:aws:elasticloadbalancing:us-east-2:478297097809:listener-rule/app/netlit-load-balancer/e46ba5355555117e/eff5f74fa2f7ee8a/f1d5675e61b3bf1c",
                            "condition.#": "1",
                            "condition.3696708060.field": "path-pattern",
                            "condition.3696708060.values.#": "1",
                            "condition.3696708060.values.0": "/v1/swagger-ui.html",
                            "id": "arn:aws:elasticloadbalancing:us-east-2:478297097809:listener-rule/app/netlit-load-balancer/e46ba5355555117e/eff5f74fa2f7ee8a/f1d5675e61b3bf1c",
                            "listener_arn": "arn:aws:elasticloadbalancing:us-east-2:478297097809:listener/app/netlit-load-balancer/e46ba5355555117e/eff5f74fa2f7ee8a",
                            "priority": "28"
                        },
                        "meta": {},
                        "tainted": false
                    },
                    "deposed": [],
                    "provider": "provider.aws"
                },
                "aws_service_discovery_service.service_discovery": {
                    "type": "aws_service_discovery_service",
                    "depends_on": [],
                    "primary": {
                        "id": "srv-pt2jiuzg2znnikg3",
                        "attributes": {
                            "arn": "arn:aws:servicediscovery:us-east-2:478297097809:service/srv-pt2jiuzg2znnikg3",
                            "description": "",
                            "dns_config.#": "1",
                            "dns_config.0.dns_records.#": "2",
                            "dns_config.0.dns_records.0.ttl": "10",
                            "dns_config.0.dns_records.0.type": "A",
                            "dns_config.0.dns_records.1.ttl": "10",
                            "dns_config.0.dns_records.1.type": "SRV",
                            "dns_config.0.namespace_id": "ns-wgky7wzb75zfrsm4",
                            "dns_config.0.routing_policy": "MULTIVALUE",
                            "health_check_config.#": "0",
                            "health_check_custom_config.#": "1",
                            "health_check_custom_config.0.failure_threshold": "5",
                            "id": "srv-pt2jiuzg2znnikg3",
                            "name": "accounts"
                        },
                        "meta": {},
                        "tainted": false
                    },
                    "deposed": [],
                    "provider": "provider.aws"
                },
                "data.aws_alb_listener.listener": {
                    "type": "aws_alb_listener",
                    "depends_on": [],
                    "primary": {
                        "id": "arn:aws:elasticloadbalancing:us-east-2:478297097809:listener/app/netlit-load-balancer/e46ba5355555117e/eff5f74fa2f7ee8a",
                        "attributes": {
                            "arn": "arn:aws:elasticloadbalancing:us-east-2:478297097809:listener/app/netlit-load-balancer/e46ba5355555117e/eff5f74fa2f7ee8a",
                            "default_action.#": "1",
                            "default_action.0.authenticate_cognito.#": "0",
                            "default_action.0.authenticate_oidc.#": "0",
                            "default_action.0.fixed_response.#": "1",
                            "default_action.0.fixed_response.0.content_type": "application/json",
                            "default_action.0.fixed_response.0.message_body": "{\"error\":\"Not Found\"}",
                            "default_action.0.fixed_response.0.status_code": "404",
                            "default_action.0.order": "1",
                            "default_action.0.redirect.#": "0",
                            "default_action.0.target_group_arn": "",
                            "default_action.0.type": "fixed-response",
                            "id": "arn:aws:elasticloadbalancing:us-east-2:478297097809:listener/app/netlit-load-balancer/e46ba5355555117e/eff5f74fa2f7ee8a",
                            "load_balancer_arn": "arn:aws:elasticloadbalancing:us-east-2:478297097809:loadbalancer/app/netlit-load-balancer/e46ba5355555117e",
                            "port": "80",
                            "protocol": "HTTP",
                            "ssl_policy": ""
                        },
                        "meta": {},
                        "tainted": false
                    },
                    "deposed": [],
                    "provider": "provider.aws"
                },
                "data.aws_iam_role.execution_role": {
                    "type": "aws_iam_role",
                    "depends_on": [],
                    "primary": {
                        "id": "ecsTaskExecutionRole",
                        "attributes": {
                            "arn": "arn:aws:iam::478297097809:role/ecsTaskExecutionRole",
                            "assume_role_policy": "{\"Version\":\"2012-10-17\",\"Statement\":[{\"Effect\":\"Allow\",\"Principal\":{\"Service\":\"ecs-tasks.amazonaws.com\"},\"Action\":\"sts:AssumeRole\"}]}",
                            "create_date": "2019-04-22T16:16:50Z",
                            "description": "Allows ECS tasks to call AWS services on your behalf.",
                            "id": "ecsTaskExecutionRole",
                            "max_session_duration": "3600",
                            "name": "ecsTaskExecutionRole",
                            "path": "/",
                            "permissions_boundary": "",
                            "unique_id": "AROAW6XF2QZIWO5VYNPUF"
                        },
                        "meta": {},
                        "tainted": false
                    },
                    "deposed": [],
                    "provider": "provider.aws"
                },
                "data.aws_subnet_ids.privates": {
                    "type": "aws_subnet_ids",
                    "depends_on": [],
                    "primary": {
                        "id": "vpc-092993e2dee571ef9",
                        "attributes": {
                            "id": "vpc-092993e2dee571ef9",
                            "ids.#": "2",
                            "ids.1402688501": "subnet-01c58976cac74dd7a",
                            "ids.3553502681": "subnet-04d6d2b1fcd209db7",
                            "tags.%": "1",
                            "tags.Tier": "Private",
                            "vpc_id": "vpc-092993e2dee571ef9"
                        },
                        "meta": {},
                        "tainted": false
                    },
                    "deposed": [],
                    "provider": "provider.aws"
                },
                "data.template_file.application": {
                    "type": "template_file",
                    "depends_on": [
                        "aws_cloudwatch_log_group.application_log_group"
                    ],
                    "primary": {
                        "id": "b1a8e1e9816288b177b58ffe542fcb93f16bfbb6ca93159391790df3255b0881",
                        "attributes": {
                            "id": "b1a8e1e9816288b177b58ffe542fcb93f16bfbb6ca93159391790df3255b0881",
                            "rendered": "[\n  {\n    \"cpu\": 512,\n    \"environment\": [\n  {\n    \"name\": \"SPRING_PROFILES_ACTIVE\",\n    \"value\": \"dev\"\n  },\n  {\n    \"name\": \"AUTHORIZATION_SERVER_URI\",\n    \"value\": \"http://authorization-server.netlit.local.stg:8080/v1/oauth/user\"\n  },\n  {\n    \"name\": \"AWS_SNS_TOPIC\",\n    \"value\": \"arn:aws:sns:us-east-2:478297097809:credentials-created-topic\"\n  },\n  {\n    \"name\": \"SNS_CREDENTIALS_UPDATED_TOPIC\",\n    \"value\": \"arn:aws:sns:us-east-2:478297097809:credentials-updated-topic\"\n  },\n  {\n    \"name\": \"SPRING_MAIL_USERNAME\",\n    \"value\": \"no-reply@editoradobrasil.com.br\"\n  },\n  {\n    \"name\": \"SPRING_MAIL_PASSWORD\",\n    \"value\": \"MkTEb$a35\"\n  },\n  {\n    \"name\": \"SNS_CREDIT_CARD_REGISTRATION_TOPIC\",\n    \"value\": \"arn:aws:sns:us-east-2:478297097809:credit-card-registration-topic\"\n  },\n  {\n    \"name\": \"SPRING_DATASOURCE_URL\",\n    \"value\": \"jdbc:mysql://payments.cwqhhhkhaxkf.us-east-2.rds.amazonaws.com:3306/payments\"\n  },\n  {\n    \"name\": \"SPRING_DATASOURCE_USERNAME\",\n    \"value\": \"KqwU76juxEcXtCdf\"\n  },\n  {\n    \"name\": \"SPRING_DATASOURCE_PASSWORD\",\n    \"value\": \"AJT8EPYcNGxMqpKm\"\n  },\n  {\n    \"name\": \"NETLIT_PROTHEUS_URL\",\n    \"value\": \"http://200.201.128.38:18238/netlit/PEDIDOSNETLIT.apw?WSDL\"\n  },\n  {\n    \"name\": \"AWS_SQS_QUEUE_SENDMAIL\",\n    \"value\": \"https://sqs.us-east-2.amazonaws.com/478297097809/sendmail\"\n  },\n  {\n    \"name\": \"AWS_SNS_TOPIC_SENDMAIL\",\n    \"value\": \"arn:aws:sns:us-east-2:478297097809:sendmail-sns\"\n  }\n]\n,\n    \"essential\": true,\n    \"image\": \"478297097809.dkr.ecr.us-east-2.amazonaws.com/accounts:1.0.5-SNAPSHOT\",\n    \"logConfiguration\": {\n        \"logDriver\": \"awslogs\",\n        \"options\": {\n          \"awslogs-group\": \"/ecs/accounts-app\",\n          \"awslogs-region\": \"us-east-2\",\n          \"awslogs-stream-prefix\": \"ecs\"\n        }\n    },\n    \"memory\": 1024,\n    \"mountPoints\": [],\n    \"name\": \"accounts-app\",\n    \"portMappings\": [\n      {\n        \"containerPort\": 8080,\n        \"hostPort\": 8080\n      }\n    ],\n    \"networkMode\": \"awsvpc\",\n    \"volumesFrom\": []\n  }\n]\n",
                            "template": "[\n  {\n    \"cpu\": ${fargate_cpu},\n    \"environment\": ${environment_variables},\n    \"essential\": true,\n    \"image\": \"${app_image}\",\n    \"logConfiguration\": {\n        \"logDriver\": \"awslogs\",\n        \"options\": {\n          \"awslogs-group\": \"${log_group_name}\",\n          \"awslogs-region\": \"${aws_region}\",\n          \"awslogs-stream-prefix\": \"ecs\"\n        }\n    },\n    \"memory\": ${fargate_memory},\n    \"mountPoints\": [],\n    \"name\": \"${app_name}\",\n    \"portMappings\": [\n      {\n        \"containerPort\": ${app_port},\n        \"hostPort\": ${app_port}\n      }\n    ],\n    \"networkMode\": \"awsvpc\",\n    \"volumesFrom\": []\n  }\n]\n",
                            "vars.%": "8",
                            "vars.app_image": "478297097809.dkr.ecr.us-east-2.amazonaws.com/accounts:1.0.5-SNAPSHOT",
                            "vars.app_name": "accounts-app",
                            "vars.app_port": "8080",
                            "vars.aws_region": "us-east-2",
                            "vars.environment_variables": "[\n  {\n    \"name\": \"SPRING_PROFILES_ACTIVE\",\n    \"value\": \"dev\"\n  },\n  {\n    \"name\": \"AUTHORIZATION_SERVER_URI\",\n    \"value\": \"http://authorization-server.netlit.local.stg:8080/v1/oauth/user\"\n  },\n  {\n    \"name\": \"AWS_SNS_TOPIC\",\n    \"value\": \"arn:aws:sns:us-east-2:478297097809:credentials-created-topic\"\n  },\n  {\n    \"name\": \"SNS_CREDENTIALS_UPDATED_TOPIC\",\n    \"value\": \"arn:aws:sns:us-east-2:478297097809:credentials-updated-topic\"\n  },\n  {\n    \"name\": \"SPRING_MAIL_USERNAME\",\n    \"value\": \"no-reply@editoradobrasil.com.br\"\n  },\n  {\n    \"name\": \"SPRING_MAIL_PASSWORD\",\n    \"value\": \"MkTEb$a35\"\n  },\n  {\n    \"name\": \"SNS_CREDIT_CARD_REGISTRATION_TOPIC\",\n    \"value\": \"arn:aws:sns:us-east-2:478297097809:credit-card-registration-topic\"\n  },\n  {\n    \"name\": \"SPRING_DATASOURCE_URL\",\n    \"value\": \"jdbc:mysql://payments.cwqhhhkhaxkf.us-east-2.rds.amazonaws.com:3306/payments\"\n  },\n  {\n    \"name\": \"SPRING_DATASOURCE_USERNAME\",\n    \"value\": \"KqwU76juxEcXtCdf\"\n  },\n  {\n    \"name\": \"SPRING_DATASOURCE_PASSWORD\",\n    \"value\": \"AJT8EPYcNGxMqpKm\"\n  },\n  {\n    \"name\": \"NETLIT_PROTHEUS_URL\",\n    \"value\": \"http://200.201.128.38:18238/netlit/PEDIDOSNETLIT.apw?WSDL\"\n  },\n  {\n    \"name\": \"AWS_SQS_QUEUE_SENDMAIL\",\n    \"value\": \"https://sqs.us-east-2.amazonaws.com/478297097809/sendmail\"\n  },\n  {\n    \"name\": \"AWS_SNS_TOPIC_SENDMAIL\",\n    \"value\": \"arn:aws:sns:us-east-2:478297097809:sendmail-sns\"\n  }\n]\n",
                            "vars.fargate_cpu": "512",
                            "vars.fargate_memory": "1024",
                            "vars.log_group_name": "/ecs/accounts-app"
                        },
                        "meta": {},
                        "tainted": false
                    },
                    "deposed": [],
                    "provider": "provider.template"
                }
            },
            "depends_on": []
        },
        {
            "path": [
                "root",
                "authorization_server"
            ],
            "outputs": {
                "discovery_dns": {
                    "sensitive": false,
                    "type": "string",
                    "value": "authorization-server.netlit.local.stg"
                }
            },
            "resources": {
                "aws_alb_target_group.app": {
                    "type": "aws_alb_target_group",
                    "depends_on": [],
                    "primary": {
                        "id": "arn:aws:elasticloadbalancing:us-east-2:478297097809:targetgroup/authorization-server/2991a3a2f2c880f2",
                        "attributes": {
                            "arn": "arn:aws:elasticloadbalancing:us-east-2:478297097809:targetgroup/authorization-server/2991a3a2f2c880f2",
                            "arn_suffix": "targetgroup/authorization-server/2991a3a2f2c880f2",
                            "deregistration_delay": "300",
                            "health_check.#": "1",
                            "health_check.0.enabled": "true",
                            "health_check.0.healthy_threshold": "3",
                            "health_check.0.interval": "30",
                            "health_check.0.matcher": "200",
                            "health_check.0.path": "/v1/actuator/health",
                            "health_check.0.port": "traffic-port",
                            "health_check.0.protocol": "HTTP",
                            "health_check.0.timeout": "3",
                            "health_check.0.unhealthy_threshold": "2",
                            "id": "arn:aws:elasticloadbalancing:us-east-2:478297097809:targetgroup/authorization-server/2991a3a2f2c880f2",
                            "lambda_multi_value_headers_enabled": "false",
                            "name": "authorization-server",
                            "port": "80",
                            "protocol": "HTTP",
                            "proxy_protocol_v2": "false",
                            "slow_start": "0",
                            "stickiness.#": "1",
                            "stickiness.0.cookie_duration": "86400",
                            "stickiness.0.enabled": "false",
                            "stickiness.0.type": "lb_cookie",
                            "tags.%": "0",
                            "target_type": "ip",
                            "vpc_id": "vpc-092993e2dee571ef9"
                        },
                        "meta": {},
                        "tainted": false
                    },
                    "deposed": [],
                    "provider": "provider.aws"
                },
                "aws_cloudwatch_log_group.application_log_group": {
                    "type": "aws_cloudwatch_log_group",
                    "depends_on": [],
                    "primary": {
                        "id": "/ecs/authorization-server-app",
                        "attributes": {
                            "arn": "arn:aws:logs:us-east-2:478297097809:log-group:/ecs/authorization-server-app:*",
                            "id": "/ecs/authorization-server-app",
                            "kms_key_id": "",
                            "name": "/ecs/authorization-server-app",
                            "retention_in_days": "30",
                            "tags.%": "1",
                            "tags.Name": "authorization-server-log-group"
                        },
                        "meta": {},
                        "tainted": false
                    },
                    "deposed": [],
                    "provider": "provider.aws"
                },
                "aws_cloudwatch_log_stream.application_log_stream": {
                    "type": "aws_cloudwatch_log_stream",
                    "depends_on": [
                        "aws_cloudwatch_log_group.application_log_group"
                    ],
                    "primary": {
                        "id": "authorization-server-log-stream",
                        "attributes": {
                            "arn": "arn:aws:logs:us-east-2:478297097809:log-group:/ecs/authorization-server-app:log-stream:authorization-server-log-stream",
                            "id": "authorization-server-log-stream",
                            "log_group_name": "/ecs/authorization-server-app",
                            "name": "authorization-server-log-stream"
                        },
                        "meta": {},
                        "tainted": false
                    },
                    "deposed": [],
                    "provider": "provider.aws"
                },
                "aws_ecs_service.application": {
                    "type": "aws_ecs_service",
                    "depends_on": [
                        "aws_alb_target_group.app",
                        "aws_ecs_task_definition.app",
                        "aws_service_discovery_service.service_discovery",
                        "data.aws_subnet_ids.privates"
                    ],
                    "primary": {
                        "id": "arn:aws:ecs:us-east-2:478297097809:service/authorization-server",
                        "attributes": {
                            "cluster": "arn:aws:ecs:us-east-2:478297097809:cluster/netlit-cluster",
                            "deployment_controller.#": "1",
                            "deployment_controller.0.type": "ECS",
                            "deployment_maximum_percent": "200",
                            "deployment_minimum_healthy_percent": "100",
                            "desired_count": "1",
                            "enable_ecs_managed_tags": "false",
                            "health_check_grace_period_seconds": "0",
                            "iam_role": "aws-service-role",
                            "id": "arn:aws:ecs:us-east-2:478297097809:service/authorization-server",
                            "launch_type": "FARGATE",
                            "load_balancer.#": "1",
                            "load_balancer.4122934197.container_name": "authorization-server-app",
                            "load_balancer.4122934197.container_port": "8080",
                            "load_balancer.4122934197.elb_name": "",
                            "load_balancer.4122934197.target_group_arn": "arn:aws:elasticloadbalancing:us-east-2:478297097809:targetgroup/authorization-server/2991a3a2f2c880f2",
                            "name": "authorization-server",
                            "network_configuration.#": "1",
                            "network_configuration.0.assign_public_ip": "true",
                            "network_configuration.0.security_groups.#": "1",
                            "network_configuration.0.security_groups.1961460309": "sg-022cb5fa20cb8b5ce",
                            "network_configuration.0.subnets.#": "2",
                            "network_configuration.0.subnets.1402688501": "subnet-01c58976cac74dd7a",
                            "network_configuration.0.subnets.3553502681": "subnet-04d6d2b1fcd209db7",
                            "ordered_placement_strategy.#": "0",
                            "placement_constraints.#": "0",
                            "placement_strategy.#": "0",
                            "platform_version": "LATEST",
                            "propagate_tags": "NONE",
                            "scheduling_strategy": "REPLICA",
                            "service_registries.#": "1",
                            "service_registries.3043340187.container_name": "",
                            "service_registries.3043340187.container_port": "0",
                            "service_registries.3043340187.port": "8080",
                            "service_registries.3043340187.registry_arn": "arn:aws:servicediscovery:us-east-2:478297097809:service/srv-nycqd4w4ejj3h5v3",
                            "tags.%": "0",
                            "task_definition": "arn:aws:ecs:us-east-2:478297097809:task-definition/authorization-server-app-task:5"
                        },
                        "meta": {},
                        "tainted": false
                    },
                    "deposed": [],
                    "provider": "provider.aws"
                },
                "aws_ecs_task_definition.app": {
                    "type": "aws_ecs_task_definition",
                    "depends_on": [
                        "data.aws_iam_role.execution_role",
                        "data.template_file.application"
                    ],
                    "primary": {
                        "id": "authorization-server-app-task",
                        "attributes": {
                            "arn": "arn:aws:ecs:us-east-2:478297097809:task-definition/authorization-server-app-task:5",
                            "container_definitions": "[{\"cpu\":512,\"environment\":[{\"name\":\"AWS_SQS_QUEUE\",\"value\":\"https://sqs.us-east-2.amazonaws.com/478297097809/authorization-server-queue\"},{\"name\":\"AWS_ACCESS_KEY_ID\",\"value\":\"AKIAW6XF2QZI56OHM2MH\"},{\"name\":\"SPRING_PROFILES_ACTIVE\",\"value\":\"dev\"},{\"name\":\"AWS_SECRET_ACCESS_KEY\",\"value\":\"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\"}],\"essential\":true,\"image\":\"478297097809.dkr.ecr.us-east-2.amazonaws.com/authorization-server:1.0.3-SNAPSHOT\",\"logConfiguration\":{\"logDriver\":\"awslogs\",\"options\":{\"awslogs-group\":\"/ecs/authorization-server-app\",\"awslogs-region\":\"us-east-2\",\"awslogs-stream-prefix\":\"ecs\"}},\"memory\":1024,\"mountPoints\":[],\"name\":\"authorization-server-app\",\"portMappings\":[{\"containerPort\":8080,\"hostPort\":8080,\"protocol\":\"tcp\"}],\"volumesFrom\":[]}]",
                            "cpu": "512",
                            "execution_role_arn": "arn:aws:iam::478297097809:role/ecsTaskExecutionRole",
                            "family": "authorization-server-app-task",
                            "id": "authorization-server-app-task",
                            "memory": "1024",
                            "network_mode": "awsvpc",
                            "placement_constraints.#": "0",
                            "requires_compatibilities.#": "1",
                            "requires_compatibilities.3072437307": "FARGATE",
                            "revision": "5",
                            "tags.%": "0",
                            "task_role_arn": "arn:aws:iam::478297097809:role/authorization-server-stg-role",
                            "volume.#": "0"
                        },
                        "meta": {
                            "schema_version": "1"
                        },
                        "tainted": false
                    },
                    "deposed": [],
                    "provider": "provider.aws"
                },
                "aws_lb_listener_rule.container": {
                    "type": "aws_lb_listener_rule",
                    "depends_on": [
                        "aws_alb_target_group.app",
                        "data.aws_alb_listener.listener"
                    ],
                    "primary": {
                        "id": "arn:aws:elasticloadbalancing:us-east-2:478297097809:listener-rule/app/netlit-load-balancer/e46ba5355555117e/eff5f74fa2f7ee8a/e7bbda98183a7e8d",
                        "attributes": {
                            "action.#": "1",
                            "action.0.authenticate_cognito.#": "0",
                            "action.0.authenticate_oidc.#": "0",
                            "action.0.fixed_response.#": "0",
                            "action.0.order": "1",
                            "action.0.redirect.#": "0",
                            "action.0.target_group_arn": "arn:aws:elasticloadbalancing:us-east-2:478297097809:targetgroup/authorization-server/2991a3a2f2c880f2",
                            "action.0.type": "forward",
                            "arn": "arn:aws:elasticloadbalancing:us-east-2:478297097809:listener-rule/app/netlit-load-balancer/e46ba5355555117e/eff5f74fa2f7ee8a/e7bbda98183a7e8d",
                            "condition.#": "1",
                            "condition.1024080423.field": "path-pattern",
                            "condition.1024080423.values.#": "1",
                            "condition.1024080423.values.0": "/v1/oauth/*",
                            "id": "arn:aws:elasticloadbalancing:us-east-2:478297097809:listener-rule/app/netlit-load-balancer/e46ba5355555117e/eff5f74fa2f7ee8a/e7bbda98183a7e8d",
                            "listener_arn": "arn:aws:elasticloadbalancing:us-east-2:478297097809:listener/app/netlit-load-balancer/e46ba5355555117e/eff5f74fa2f7ee8a",
                            "priority": "1"
                        },
                        "meta": {},
                        "tainted": false
                    },
                    "deposed": [],
                    "provider": "provider.aws"
                },
                "aws_service_discovery_service.service_discovery": {
                    "type": "aws_service_discovery_service",
                    "depends_on": [],
                    "primary": {
                        "id": "srv-nycqd4w4ejj3h5v3",
                        "attributes": {
                            "arn": "arn:aws:servicediscovery:us-east-2:478297097809:service/srv-nycqd4w4ejj3h5v3",
                            "description": "",
                            "dns_config.#": "1",
                            "dns_config.0.dns_records.#": "2",
                            "dns_config.0.dns_records.0.ttl": "10",
                            "dns_config.0.dns_records.0.type": "A",
                            "dns_config.0.dns_records.1.ttl": "10",
                            "dns_config.0.dns_records.1.type": "SRV",
                            "dns_config.0.namespace_id": "ns-wgky7wzb75zfrsm4",
                            "dns_config.0.routing_policy": "MULTIVALUE",
                            "health_check_config.#": "0",
                            "health_check_custom_config.#": "1",
                            "health_check_custom_config.0.failure_threshold": "5",
                            "id": "srv-nycqd4w4ejj3h5v3",
                            "name": "authorization-server"
                        },
                        "meta": {},
                        "tainted": false
                    },
                    "deposed": [],
                    "provider": "provider.aws"
                },
                "data.aws_alb_listener.listener": {
                    "type": "aws_alb_listener",
                    "depends_on": [],
                    "primary": {
                        "id": "arn:aws:elasticloadbalancing:us-east-2:478297097809:listener/app/netlit-load-balancer/e46ba5355555117e/eff5f74fa2f7ee8a",
                        "attributes": {
                            "arn": "arn:aws:elasticloadbalancing:us-east-2:478297097809:listener/app/netlit-load-balancer/e46ba5355555117e/eff5f74fa2f7ee8a",
                            "default_action.#": "1",
                            "default_action.0.authenticate_cognito.#": "0",
                            "default_action.0.authenticate_oidc.#": "0",
                            "default_action.0.fixed_response.#": "1",
                            "default_action.0.fixed_response.0.content_type": "application/json",
                            "default_action.0.fixed_response.0.message_body": "{\"error\":\"Not Found\"}",
                            "default_action.0.fixed_response.0.status_code": "404",
                            "default_action.0.order": "1",
                            "default_action.0.redirect.#": "0",
                            "default_action.0.target_group_arn": "",
                            "default_action.0.type": "fixed-response",
                            "id": "arn:aws:elasticloadbalancing:us-east-2:478297097809:listener/app/netlit-load-balancer/e46ba5355555117e/eff5f74fa2f7ee8a",
                            "load_balancer_arn": "arn:aws:elasticloadbalancing:us-east-2:478297097809:loadbalancer/app/netlit-load-balancer/e46ba5355555117e",
                            "port": "80",
                            "protocol": "HTTP",
                            "ssl_policy": ""
                        },
                        "meta": {},
                        "tainted": false
                    },
                    "deposed": [],
                    "provider": "provider.aws"
                },
                "data.aws_iam_role.execution_role": {
                    "type": "aws_iam_role",
                    "depends_on": [],
                    "primary": {
                        "id": "ecsTaskExecutionRole",
                        "attributes": {
                            "arn": "arn:aws:iam::478297097809:role/ecsTaskExecutionRole",
                            "assume_role_policy": "{\"Version\":\"2012-10-17\",\"Statement\":[{\"Effect\":\"Allow\",\"Principal\":{\"Service\":\"ecs-tasks.amazonaws.com\"},\"Action\":\"sts:AssumeRole\"}]}",
                            "create_date": "2019-04-22T16:16:50Z",
                            "description": "Allows ECS tasks to call AWS services on your behalf.",
                            "id": "ecsTaskExecutionRole",
                            "max_session_duration": "3600",
                            "name": "ecsTaskExecutionRole",
                            "path": "/",
                            "permissions_boundary": "",
                            "unique_id": "AROAW6XF2QZIWO5VYNPUF"
                        },
                        "meta": {},
                        "tainted": false
                    },
                    "deposed": [],
                    "provider": "provider.aws"
                },
                "data.aws_subnet_ids.privates": {
                    "type": "aws_subnet_ids",
                    "depends_on": [],
                    "primary": {
                        "id": "vpc-092993e2dee571ef9",
                        "attributes": {
                            "id": "vpc-092993e2dee571ef9",
                            "ids.#": "2",
                            "ids.1402688501": "subnet-01c58976cac74dd7a",
                            "ids.3553502681": "subnet-04d6d2b1fcd209db7",
                            "tags.%": "1",
                            "tags.Tier": "Private",
                            "vpc_id": "vpc-092993e2dee571ef9"
                        },
                        "meta": {},
                        "tainted": false
                    },
                    "deposed": [],
                    "provider": "provider.aws"
                },
                "data.template_file.application": {
                    "type": "template_file",
                    "depends_on": [
                        "aws_cloudwatch_log_group.application_log_group"
                    ],
                    "primary": {
                        "id": "eda3cc1c3567c6c686e05b387e44b29e274e6e670284a2ded60424734e9c97d3",
                        "attributes": {
                            "id": "eda3cc1c3567c6c686e05b387e44b29e274e6e670284a2ded60424734e9c97d3",
                            "rendered": "[\n  {\n    \"cpu\": 512,\n    \"environment\": [\n  {\n    \"name\": \"SPRING_PROFILES_ACTIVE\",\n    \"value\": \"dev\"\n  },\n  {\n    \"name\": \"AWS_SQS_QUEUE\",\n    \"value\": \"https://sqs.us-east-2.amazonaws.com/478297097809/authorization-server-queue\"\n  },\n  {\n    \"name\": \"AWS_ACCESS_KEY_ID\",\n    \"value\": \"AKIAW6XF2QZI56OHM2MH\"\n  },\n  {\n    \"name\": \"AWS_SECRET_ACCESS_KEY\",\n    \"value\": \"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\"\n  }\n]\n,\n    \"essential\": true,\n    \"image\": \"478297097809.dkr.ecr.us-east-2.amazonaws.com/authorization-server:1.0.3-SNAPSHOT\",\n    \"logConfiguration\": {\n        \"logDriver\": \"awslogs\",\n        \"options\": {\n          \"awslogs-group\": \"/ecs/authorization-server-app\",\n          \"awslogs-region\": \"us-east-2\",\n          \"awslogs-stream-prefix\": \"ecs\"\n        }\n    },\n    \"memory\": 1024,\n    \"mountPoints\": [],\n    \"name\": \"authorization-server-app\",\n    \"portMappings\": [\n      {\n        \"containerPort\": 8080,\n        \"hostPort\": 8080\n      }\n    ],\n    \"networkMode\": \"awsvpc\",\n    \"volumesFrom\": []\n  }\n]\n",
                            "template": "[\n  {\n    \"cpu\": ${fargate_cpu},\n    \"environment\": ${environment_variables},\n    \"essential\": true,\n    \"image\": \"${app_image}\",\n    \"logConfiguration\": {\n        \"logDriver\": \"awslogs\",\n        \"options\": {\n          \"awslogs-group\": \"${log_group_name}\",\n          \"awslogs-region\": \"${aws_region}\",\n          \"awslogs-stream-prefix\": \"ecs\"\n        }\n    },\n    \"memory\": ${fargate_memory},\n    \"mountPoints\": [],\n    \"name\": \"${app_name}\",\n    \"portMappings\": [\n      {\n        \"containerPort\": ${app_port},\n        \"hostPort\": ${app_port}\n      }\n    ],\n    \"networkMode\": \"awsvpc\",\n    \"volumesFrom\": []\n  }\n]\n",
                            "vars.%": "8",
                            "vars.app_image": "478297097809.dkr.ecr.us-east-2.amazonaws.com/authorization-server:1.0.3-SNAPSHOT",
                            "vars.app_name": "authorization-server-app",
                            "vars.app_port": "8080",
                            "vars.aws_region": "us-east-2",
                            "vars.environment_variables": "[\n  {\n    \"name\": \"SPRING_PROFILES_ACTIVE\",\n    \"value\": \"dev\"\n  },\n  {\n    \"name\": \"AWS_SQS_QUEUE\",\n    \"value\": \"https://sqs.us-east-2.amazonaws.com/478297097809/authorization-server-queue\"\n  },\n  {\n    \"name\": \"AWS_ACCESS_KEY_ID\",\n    \"value\": \"AKIAW6XF2QZI56OHM2MH\"\n  },\n  {\n    \"name\": \"AWS_SECRET_ACCESS_KEY\",\n    \"value\": \"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\"\n  }\n]\n",
                            "vars.fargate_cpu": "512",
                            "vars.fargate_memory": "1024",
                            "vars.log_group_name": "/ecs/authorization-server-app"
                        },
                        "meta": {},
                        "tainted": false
                    },
                    "deposed": [],
                    "provider": "provider.template"
                }
            },
            "depends_on": []
        },
        {
            "path": [
                "root",
                "customer_service"
            ],
            "outputs": {
                "discovery_dns": {
                    "sensitive": false,
                    "type": "string",
                    "value": "customer-service.netlit.local.stg"
                }
            },
            "resources": {
                "aws_alb_target_group.app": {
                    "type": "aws_alb_target_group",
                    "depends_on": [],
                    "primary": {
                        "id": "arn:aws:elasticloadbalancing:us-east-2:478297097809:targetgroup/customer-service/014c9e2c9ba7a942",
                        "attributes": {
                            "arn": "arn:aws:elasticloadbalancing:us-east-2:478297097809:targetgroup/customer-service/014c9e2c9ba7a942",
                            "arn_suffix": "targetgroup/customer-service/014c9e2c9ba7a942",
                            "deregistration_delay": "300",
                            "health_check.#": "1",
                            "health_check.0.enabled": "true",
                            "health_check.0.healthy_threshold": "3",
                            "health_check.0.interval": "30",
                            "health_check.0.matcher": "200",
                            "health_check.0.path": "/v1/actuator/health",
                            "health_check.0.port": "traffic-port",
                            "health_check.0.protocol": "HTTP",
                            "health_check.0.timeout": "3",
                            "health_check.0.unhealthy_threshold": "2",
                            "id": "arn:aws:elasticloadbalancing:us-east-2:478297097809:targetgroup/customer-service/014c9e2c9ba7a942",
                            "lambda_multi_value_headers_enabled": "false",
                            "name": "customer-service",
                            "port": "80",
                            "protocol": "HTTP",
                            "proxy_protocol_v2": "false",
                            "slow_start": "0",
                            "stickiness.#": "1",
                            "stickiness.0.cookie_duration": "86400",
                            "stickiness.0.enabled": "false",
                            "stickiness.0.type": "lb_cookie",
                            "tags.%": "0",
                            "target_type": "ip",
                            "vpc_id": "vpc-092993e2dee571ef9"
                        },
                        "meta": {},
                        "tainted": false
                    },
                    "deposed": [],
                    "provider": "provider.aws"
                },
                "aws_cloudwatch_log_group.application_log_group": {
                    "type": "aws_cloudwatch_log_group",
                    "depends_on": [],
                    "primary": {
                        "id": "/ecs/customer-service-app",
                        "attributes": {
                            "arn": "arn:aws:logs:us-east-2:478297097809:log-group:/ecs/customer-service-app:*",
                            "id": "/ecs/customer-service-app",
                            "kms_key_id": "",
                            "name": "/ecs/customer-service-app",
                            "retention_in_days": "30",
                            "tags.%": "1",
                            "tags.Name": "customer-service-log-group"
                        },
                        "meta": {},
                        "tainted": false
                    },
                    "deposed": [],
                    "provider": "provider.aws"
                },
                "aws_cloudwatch_log_stream.application_log_stream": {
                    "type": "aws_cloudwatch_log_stream",
                    "depends_on": [
                        "aws_cloudwatch_log_group.application_log_group"
                    ],
                    "primary": {
                        "id": "customer-service-log-stream",
                        "attributes": {
                            "arn": "arn:aws:logs:us-east-2:478297097809:log-group:/ecs/customer-service-app:log-stream:customer-service-log-stream",
                            "id": "customer-service-log-stream",
                            "log_group_name": "/ecs/customer-service-app",
                            "name": "customer-service-log-stream"
                        },
                        "meta": {},
                        "tainted": false
                    },
                    "deposed": [],
                    "provider": "provider.aws"
                },
                "aws_ecs_service.application": {
                    "type": "aws_ecs_service",
                    "depends_on": [
                        "aws_alb_target_group.app",
                        "aws_ecs_task_definition.app",
                        "aws_service_discovery_service.service_discovery",
                        "data.aws_subnet_ids.privates"
                    ],
                    "primary": {
                        "id": "arn:aws:ecs:us-east-2:478297097809:service/customer-service",
                        "attributes": {
                            "cluster": "arn:aws:ecs:us-east-2:478297097809:cluster/netlit-cluster",
                            "deployment_controller.#": "1",
                            "deployment_controller.0.type": "ECS",
                            "deployment_maximum_percent": "200",
                            "deployment_minimum_healthy_percent": "100",
                            "desired_count": "1",
                            "enable_ecs_managed_tags": "false",
                            "health_check_grace_period_seconds": "0",
                            "iam_role": "aws-service-role",
                            "id": "arn:aws:ecs:us-east-2:478297097809:service/customer-service",
                            "launch_type": "FARGATE",
                            "load_balancer.#": "1",
                            "load_balancer.1209001504.container_name": "customer-service-app",
                            "load_balancer.1209001504.container_port": "8080",
                            "load_balancer.1209001504.elb_name": "",
                            "load_balancer.1209001504.target_group_arn": "arn:aws:elasticloadbalancing:us-east-2:478297097809:targetgroup/customer-service/014c9e2c9ba7a942",
                            "name": "customer-service",
                            "network_configuration.#": "1",
                            "network_configuration.0.assign_public_ip": "true",
                            "network_configuration.0.security_groups.#": "1",
                            "network_configuration.0.security_groups.1961460309": "sg-022cb5fa20cb8b5ce",
                            "network_configuration.0.subnets.#": "2",
                            "network_configuration.0.subnets.1402688501": "subnet-01c58976cac74dd7a",
                            "network_configuration.0.subnets.3553502681": "subnet-04d6d2b1fcd209db7",
                            "ordered_placement_strategy.#": "0",
                            "placement_constraints.#": "0",
                            "placement_strategy.#": "0",
                            "platform_version": "LATEST",
                            "propagate_tags": "NONE",
                            "scheduling_strategy": "REPLICA",
                            "service_registries.#": "1",
                            "service_registries.2889370783.container_name": "",
                            "service_registries.2889370783.container_port": "0",
                            "service_registries.2889370783.port": "8080",
                            "service_registries.2889370783.registry_arn": "arn:aws:servicediscovery:us-east-2:478297097809:service/srv-ek6tal2ghvwds6bd",
                            "tags.%": "0",
                            "task_definition": "arn:aws:ecs:us-east-2:478297097809:task-definition/customer-service-app-task:8"
                        },
                        "meta": {},
                        "tainted": false
                    },
                    "deposed": [],
                    "provider": "provider.aws"
                },
                "aws_ecs_task_definition.app": {
                    "type": "aws_ecs_task_definition",
                    "depends_on": [
                        "data.aws_iam_role.execution_role",
                        "local_file.task_definition"
                    ],
                    "primary": {
                        "id": "customer-service-app-task",
                        "attributes": {
                            "arn": "arn:aws:ecs:us-east-2:478297097809:task-definition/customer-service-app-task:8",
                            "container_definitions": "[{\"cpu\":512,\"environment\":[{\"name\":\"EMAIL_TO\",\"value\":\"atendimento@editoradobrasil.com.br\"},{\"name\":\"EMAIL_SALES1_TO\",\"value\":\"caren.francine@editoradobrasil.com.br\"},{\"name\":\"EMAIL_SALES2_TO\",\"value\":\"helena.leitao@editoradobrasil.com.br\"},{\"name\":\"EMAIL\",\"value\":\"no-reply@editoradobrasil.com.br\"},{\"name\":\"PASSWORD\",\"value\":\"MkTEb$a35\"},{\"name\":\"SPRING_PROFILES_ACTIVE\",\"value\":\"dev\"}],\"essential\":true,\"image\":\"478297097809.dkr.ecr.us-east-2.amazonaws.com/customer-service:1.0.2-SNAPSHOT\",\"logConfiguration\":{\"logDriver\":\"awslogs\",\"options\":{\"awslogs-group\":\"/ecs/customer-service-app\",\"awslogs-region\":\"us-east-2\",\"awslogs-stream-prefix\":\"ecs\"}},\"memory\":1024,\"mountPoints\":[],\"name\":\"customer-service-app\",\"portMappings\":[{\"containerPort\":8080,\"hostPort\":8080,\"protocol\":\"tcp\"}],\"volumesFrom\":[]}]",
                            "cpu": "512",
                            "execution_role_arn": "arn:aws:iam::478297097809:role/ecsTaskExecutionRole",
                            "family": "customer-service-app-task",
                            "id": "customer-service-app-task",
                            "memory": "1024",
                            "network_mode": "awsvpc",
                            "placement_constraints.#": "0",
                            "requires_compatibilities.#": "1",
                            "requires_compatibilities.3072437307": "FARGATE",
                            "revision": "8",
                            "tags.%": "0",
                            "task_role_arn": "arn:aws:iam::478297097809:role/customer-service-stg-role",
                            "volume.#": "0"
                        },
                        "meta": {
                            "schema_version": "1"
                        },
                        "tainted": false
                    },
                    "deposed": [],
                    "provider": "provider.aws"
                },
                "aws_lb_listener_rule.container.0": {
                    "type": "aws_lb_listener_rule",
                    "depends_on": [
                        "aws_alb_target_group.app",
                        "data.aws_alb_listener.listener"
                    ],
                    "primary": {
                        "id": "arn:aws:elasticloadbalancing:us-east-2:478297097809:listener-rule/app/netlit-load-balancer/e46ba5355555117e/eff5f74fa2f7ee8a/e96459f252fe9199",
                        "attributes": {
                            "action.#": "1",
                            "action.0.authenticate_cognito.#": "0",
                            "action.0.authenticate_oidc.#": "0",
                            "action.0.fixed_response.#": "0",
                            "action.0.order": "1",
                            "action.0.redirect.#": "0",
                            "action.0.target_group_arn": "arn:aws:elasticloadbalancing:us-east-2:478297097809:targetgroup/customer-service/014c9e2c9ba7a942",
                            "action.0.type": "forward",
                            "arn": "arn:aws:elasticloadbalancing:us-east-2:478297097809:listener-rule/app/netlit-load-balancer/e46ba5355555117e/eff5f74fa2f7ee8a/e96459f252fe9199",
                            "condition.#": "1",
                            "condition.3143705360.field": "path-pattern",
                            "condition.3143705360.values.#": "1",
                            "condition.3143705360.values.0": "/v1/contact-us*",
                            "id": "arn:aws:elasticloadbalancing:us-east-2:478297097809:listener-rule/app/netlit-load-balancer/e46ba5355555117e/eff5f74fa2f7ee8a/e96459f252fe9199",
                            "listener_arn": "arn:aws:elasticloadbalancing:us-east-2:478297097809:listener/app/netlit-load-balancer/e46ba5355555117e/eff5f74fa2f7ee8a",
                            "priority": "12"
                        },
                        "meta": {},
                        "tainted": false
                    },
                    "deposed": [],
                    "provider": "provider.aws"
                },
                "aws_lb_listener_rule.container.1": {
                    "type": "aws_lb_listener_rule",
                    "depends_on": [
                        "aws_alb_target_group.app",
                        "data.aws_alb_listener.listener"
                    ],
                    "primary": {
                        "id": "arn:aws:elasticloadbalancing:us-east-2:478297097809:listener-rule/app/netlit-load-balancer/e46ba5355555117e/eff5f74fa2f7ee8a/3cc940cd09722332",
                        "attributes": {
                            "action.#": "1",
                            "action.0.authenticate_cognito.#": "0",
                            "action.0.authenticate_oidc.#": "0",
                            "action.0.fixed_response.#": "0",
                            "action.0.order": "1",
                            "action.0.redirect.#": "0",
                            "action.0.target_group_arn": "arn:aws:elasticloadbalancing:us-east-2:478297097809:targetgroup/customer-service/014c9e2c9ba7a942",
                            "action.0.type": "forward",
                            "arn": "arn:aws:elasticloadbalancing:us-east-2:478297097809:listener-rule/app/netlit-load-balancer/e46ba5355555117e/eff5f74fa2f7ee8a/3cc940cd09722332",
                            "condition.#": "1",
                            "condition.3302702335.field": "path-pattern",
                            "condition.3302702335.values.#": "1",
                            "condition.3302702335.values.0": "/v1/email-sales*",
                            "id": "arn:aws:elasticloadbalancing:us-east-2:478297097809:listener-rule/app/netlit-load-balancer/e46ba5355555117e/eff5f74fa2f7ee8a/3cc940cd09722332",
                            "listener_arn": "arn:aws:elasticloadbalancing:us-east-2:478297097809:listener/app/netlit-load-balancer/e46ba5355555117e/eff5f74fa2f7ee8a",
                            "priority": "13"
                        },
                        "meta": {},
                        "tainted": false
                    },
                    "deposed": [],
                    "provider": "provider.aws"
                },
                "aws_lb_listener_rule.container.2": {
                    "type": "aws_lb_listener_rule",
                    "depends_on": [
                        "aws_alb_target_group.app",
                        "data.aws_alb_listener.listener"
                    ],
                    "primary": {
                        "id": "arn:aws:elasticloadbalancing:us-east-2:478297097809:listener-rule/app/netlit-load-balancer/e46ba5355555117e/eff5f74fa2f7ee8a/f1f99b96d5daf6c5",
                        "attributes": {
                            "action.#": "1",
                            "action.0.authenticate_cognito.#": "0",
                            "action.0.authenticate_oidc.#": "0",
                            "action.0.fixed_response.#": "0",
                            "action.0.order": "1",
                            "action.0.redirect.#": "0",
                            "action.0.target_group_arn": "arn:aws:elasticloadbalancing:us-east-2:478297097809:targetgroup/customer-service/014c9e2c9ba7a942",
                            "action.0.type": "forward",
                            "arn": "arn:aws:elasticloadbalancing:us-east-2:478297097809:listener-rule/app/netlit-load-balancer/e46ba5355555117e/eff5f74fa2f7ee8a/f1f99b96d5daf6c5",
                            "condition.#": "1",
                            "condition.3244162292.field": "path-pattern",
                            "condition.3244162292.values.#": "1",
                            "condition.3244162292.values.0": "/v1/school-city*",
                            "id": "arn:aws:elasticloadbalancing:us-east-2:478297097809:listener-rule/app/netlit-load-balancer/e46ba5355555117e/eff5f74fa2f7ee8a/f1f99b96d5daf6c5",
                            "listener_arn": "arn:aws:elasticloadbalancing:us-east-2:478297097809:listener/app/netlit-load-balancer/e46ba5355555117e/eff5f74fa2f7ee8a",
                            "priority": "11"
                        },
                        "meta": {},
                        "tainted": false
                    },
                    "deposed": [],
                    "provider": "provider.aws"
                },
                "aws_service_discovery_service.service_discovery": {
                    "type": "aws_service_discovery_service",
                    "depends_on": [],
                    "primary": {
                        "id": "srv-ek6tal2ghvwds6bd",
                        "attributes": {
                            "arn": "arn:aws:servicediscovery:us-east-2:478297097809:service/srv-ek6tal2ghvwds6bd",
                            "description": "",
                            "dns_config.#": "1",
                            "dns_config.0.dns_records.#": "2",
                            "dns_config.0.dns_records.0.ttl": "10",
                            "dns_config.0.dns_records.0.type": "A",
                            "dns_config.0.dns_records.1.ttl": "10",
                            "dns_config.0.dns_records.1.type": "SRV",
                            "dns_config.0.namespace_id": "ns-wgky7wzb75zfrsm4",
                            "dns_config.0.routing_policy": "MULTIVALUE",
                            "health_check_config.#": "0",
                            "health_check_custom_config.#": "1",
                            "health_check_custom_config.0.failure_threshold": "5",
                            "id": "srv-ek6tal2ghvwds6bd",
                            "name": "customer-service"
                        },
                        "meta": {},
                        "tainted": false
                    },
                    "deposed": [],
                    "provider": "provider.aws"
                },
                "data.aws_alb_listener.listener": {
                    "type": "aws_alb_listener",
                    "depends_on": [],
                    "primary": {
                        "id": "arn:aws:elasticloadbalancing:us-east-2:478297097809:listener/app/netlit-load-balancer/e46ba5355555117e/eff5f74fa2f7ee8a",
                        "attributes": {
                            "arn": "arn:aws:elasticloadbalancing:us-east-2:478297097809:listener/app/netlit-load-balancer/e46ba5355555117e/eff5f74fa2f7ee8a",
                            "default_action.#": "1",
                            "default_action.0.authenticate_cognito.#": "0",
                            "default_action.0.authenticate_oidc.#": "0",
                            "default_action.0.fixed_response.#": "1",
                            "default_action.0.fixed_response.0.content_type": "application/json",
                            "default_action.0.fixed_response.0.message_body": "{\"error\":\"Not Found\"}",
                            "default_action.0.fixed_response.0.status_code": "404",
                            "default_action.0.order": "1",
                            "default_action.0.redirect.#": "0",
                            "default_action.0.target_group_arn": "",
                            "default_action.0.type": "fixed-response",
                            "id": "arn:aws:elasticloadbalancing:us-east-2:478297097809:listener/app/netlit-load-balancer/e46ba5355555117e/eff5f74fa2f7ee8a",
                            "load_balancer_arn": "arn:aws:elasticloadbalancing:us-east-2:478297097809:loadbalancer/app/netlit-load-balancer/e46ba5355555117e",
                            "port": "80",
                            "protocol": "HTTP",
                            "ssl_policy": ""
                        },
                        "meta": {},
                        "tainted": false
                    },
                    "deposed": [],
                    "provider": "provider.aws"
                },
                "data.aws_iam_role.execution_role": {
                    "type": "aws_iam_role",
                    "depends_on": [],
                    "primary": {
                        "id": "ecsTaskExecutionRole",
                        "attributes": {
                            "arn": "arn:aws:iam::478297097809:role/ecsTaskExecutionRole",
                            "assume_role_policy": "{\"Version\":\"2012-10-17\",\"Statement\":[{\"Effect\":\"Allow\",\"Principal\":{\"Service\":\"ecs-tasks.amazonaws.com\"},\"Action\":\"sts:AssumeRole\"}]}",
                            "create_date": "2019-04-22T16:16:50Z",
                            "description": "Allows ECS tasks to call AWS services on your behalf.",
                            "id": "ecsTaskExecutionRole",
                            "max_session_duration": "3600",
                            "name": "ecsTaskExecutionRole",
                            "path": "/",
                            "permissions_boundary": "",
                            "unique_id": "AROAW6XF2QZIWO5VYNPUF"
                        },
                        "meta": {},
                        "tainted": false
                    },
                    "deposed": [],
                    "provider": "provider.aws"
                },
                "data.aws_subnet_ids.privates": {
                    "type": "aws_subnet_ids",
                    "depends_on": [],
                    "primary": {
                        "id": "vpc-092993e2dee571ef9",
                        "attributes": {
                            "id": "vpc-092993e2dee571ef9",
                            "ids.#": "2",
                            "ids.1402688501": "subnet-01c58976cac74dd7a",
                            "ids.3553502681": "subnet-04d6d2b1fcd209db7",
                            "tags.%": "1",
                            "tags.Tier": "Private",
                            "vpc_id": "vpc-092993e2dee571ef9"
                        },
                        "meta": {},
                        "tainted": false
                    },
                    "deposed": [],
                    "provider": "provider.aws"
                },
                "data.template_file.application": {
                    "type": "template_file",
                    "depends_on": [
                        "aws_cloudwatch_log_group.application_log_group"
                    ],
                    "primary": {
                        "id": "8df07f8b7e10d5537eb062a0ffeb9e81f37a46d3dafaa614c4cddb001261e304",
                        "attributes": {
                            "id": "8df07f8b7e10d5537eb062a0ffeb9e81f37a46d3dafaa614c4cddb001261e304",
                            "rendered": "[\n  {\n    \"cpu\": 512,\n    \"environment\": [\n  {\n    \"name\": \"SPRING_PROFILES_ACTIVE\",\n    \"value\": \"dev\"\n  },\n  {\n    \"name\": \"EMAIL\",\n    \"value\": \"no-reply@editoradobrasil.com.br\"\n  },\n  {\n    \"name\": \"PASSWORD\",\n    \"value\": \"MkTEb$a35\"\n  },\n  {\n    \"name\": \"EMAIL_TO\",\n    \"value\": \"atendimento@editoradobrasil.com.br\"\n  },\n  {\n    \"name\": \"EMAIL_SALES1_TO\",\n    \"value\": \"caren.francine@editoradobrasil.com.br\"\n  },\n  {\n    \"name\": \"EMAIL_SALES2_TO\",\n    \"value\": \"helena.leitao@editoradobrasil.com.br\"\n  }\n]\n,\n    \"essential\": true,\n    \"image\": \"478297097809.dkr.ecr.us-east-2.amazonaws.com/customer-service:1.0.2-SNAPSHOT\",\n    \"logConfiguration\": {\n        \"logDriver\": \"awslogs\",\n        \"options\": {\n          \"awslogs-group\": \"/ecs/customer-service-app\",\n          \"awslogs-region\": \"us-east-2\",\n          \"awslogs-stream-prefix\": \"ecs\"\n        }\n    },\n    \"memory\": 1024,\n    \"mountPoints\": [],\n    \"name\": \"customer-service-app\",\n    \"portMappings\": [\n      {\n        \"containerPort\": 8080,\n        \"hostPort\": 8080\n      }\n    ],\n    \"networkMode\": \"awsvpc\",\n    \"volumesFrom\": []\n  }\n]\n",
                            "template": "[\n  {\n    \"cpu\": ${fargate_cpu},\n    \"environment\": ${environment_variables},\n    \"essential\": true,\n    \"image\": \"${app_image}\",\n    \"logConfiguration\": {\n        \"logDriver\": \"awslogs\",\n        \"options\": {\n          \"awslogs-group\": \"${log_group_name}\",\n          \"awslogs-region\": \"${aws_region}\",\n          \"awslogs-stream-prefix\": \"ecs\"\n        }\n    },\n    \"memory\": ${fargate_memory},\n    \"mountPoints\": [],\n    \"name\": \"${app_name}\",\n    \"portMappings\": [\n      {\n        \"containerPort\": ${app_port},\n        \"hostPort\": ${app_port}\n      }\n    ],\n    \"networkMode\": \"awsvpc\",\n    \"volumesFrom\": []\n  }\n]\n",
                            "vars.%": "8",
                            "vars.app_image": "478297097809.dkr.ecr.us-east-2.amazonaws.com/customer-service:1.0.2-SNAPSHOT",
                            "vars.app_name": "customer-service-app",
                            "vars.app_port": "8080",
                            "vars.aws_region": "us-east-2",
                            "vars.environment_variables": "[\n  {\n    \"name\": \"SPRING_PROFILES_ACTIVE\",\n    \"value\": \"dev\"\n  },\n  {\n    \"name\": \"EMAIL\",\n    \"value\": \"no-reply@editoradobrasil.com.br\"\n  },\n  {\n    \"name\": \"PASSWORD\",\n    \"value\": \"MkTEb$a35\"\n  },\n  {\n    \"name\": \"EMAIL_TO\",\n    \"value\": \"atendimento@editoradobrasil.com.br\"\n  },\n  {\n    \"name\": \"EMAIL_SALES1_TO\",\n    \"value\": \"caren.francine@editoradobrasil.com.br\"\n  },\n  {\n    \"name\": \"EMAIL_SALES2_TO\",\n    \"value\": \"helena.leitao@editoradobrasil.com.br\"\n  }\n]\n",
                            "vars.fargate_cpu": "512",
                            "vars.fargate_memory": "1024",
                            "vars.log_group_name": "/ecs/customer-service-app"
                        },
                        "meta": {},
                        "tainted": false
                    },
                    "deposed": [],
                    "provider": "provider.template"
                }
            },
            "depends_on": []
        },
        {
            "path": [
                "root",
                "library"
            ],
            "outputs": {
                "discovery_dns": {
                    "sensitive": false,
                    "type": "string",
                    "value": "library.netlit.local.stg"
                }
            },
            "resources": {
                "aws_alb_target_group.app": {
                    "type": "aws_alb_target_group",
                    "depends_on": [],
                    "primary": {
                        "id": "arn:aws:elasticloadbalancing:us-east-2:478297097809:targetgroup/library/42297f4afe99e3f0",
                        "attributes": {
                            "arn": "arn:aws:elasticloadbalancing:us-east-2:478297097809:targetgroup/library/42297f4afe99e3f0",
                            "arn_suffix": "targetgroup/library/42297f4afe99e3f0",
                            "deregistration_delay": "300",
                            "health_check.#": "1",
                            "health_check.0.enabled": "true",
                            "health_check.0.healthy_threshold": "3",
                            "health_check.0.interval": "30",
                            "health_check.0.matcher": "200",
                            "health_check.0.path": "/v1/actuator/health",
                            "health_check.0.port": "traffic-port",
                            "health_check.0.protocol": "HTTP",
                            "health_check.0.timeout": "3",
                            "health_check.0.unhealthy_threshold": "2",
                            "id": "arn:aws:elasticloadbalancing:us-east-2:478297097809:targetgroup/library/42297f4afe99e3f0",
                            "lambda_multi_value_headers_enabled": "false",
                            "name": "library",
                            "port": "80",
                            "protocol": "HTTP",
                            "proxy_protocol_v2": "false",
                            "slow_start": "0",
                            "stickiness.#": "1",
                            "stickiness.0.cookie_duration": "86400",
                            "stickiness.0.enabled": "false",
                            "stickiness.0.type": "lb_cookie",
                            "tags.%": "0",
                            "target_type": "ip",
                            "vpc_id": "vpc-092993e2dee571ef9"
                        },
                        "meta": {},
                        "tainted": false
                    },
                    "deposed": [],
                    "provider": "provider.aws"
                },
                "aws_cloudwatch_log_group.application_log_group": {
                    "type": "aws_cloudwatch_log_group",
                    "depends_on": [],
                    "primary": {
                        "id": "/ecs/library-app",
                        "attributes": {
                            "arn": "arn:aws:logs:us-east-2:478297097809:log-group:/ecs/library-app:*",
                            "id": "/ecs/library-app",
                            "kms_key_id": "",
                            "name": "/ecs/library-app",
                            "retention_in_days": "30",
                            "tags.%": "1",
                            "tags.Name": "library-log-group"
                        },
                        "meta": {},
                        "tainted": false
                    },
                    "deposed": [],
                    "provider": "provider.aws"
                },
                "aws_cloudwatch_log_stream.application_log_stream": {
                    "type": "aws_cloudwatch_log_stream",
                    "depends_on": [
                        "aws_cloudwatch_log_group.application_log_group"
                    ],
                    "primary": {
                        "id": "library-log-stream",
                        "attributes": {
                            "arn": "arn:aws:logs:us-east-2:478297097809:log-group:/ecs/library-app:log-stream:library-log-stream",
                            "id": "library-log-stream",
                            "log_group_name": "/ecs/library-app",
                            "name": "library-log-stream"
                        },
                        "meta": {},
                        "tainted": false
                    },
                    "deposed": [],
                    "provider": "provider.aws"
                },
                "aws_ecs_service.application": {
                    "type": "aws_ecs_service",
                    "depends_on": [
                        "aws_alb_target_group.app",
                        "aws_ecs_task_definition.app",
                        "aws_service_discovery_service.service_discovery",
                        "data.aws_subnet_ids.privates"
                    ],
                    "primary": {
                        "id": "arn:aws:ecs:us-east-2:478297097809:service/library",
                        "attributes": {
                            "cluster": "arn:aws:ecs:us-east-2:478297097809:cluster/netlit-cluster",
                            "deployment_controller.#": "1",
                            "deployment_controller.0.type": "ECS",
                            "deployment_maximum_percent": "200",
                            "deployment_minimum_healthy_percent": "100",
                            "desired_count": "1",
                            "enable_ecs_managed_tags": "false",
                            "health_check_grace_period_seconds": "0",
                            "iam_role": "aws-service-role",
                            "id": "arn:aws:ecs:us-east-2:478297097809:service/library",
                            "launch_type": "FARGATE",
                            "load_balancer.#": "1",
                            "load_balancer.1683390409.container_name": "library-app",
                            "load_balancer.1683390409.container_port": "8080",
                            "load_balancer.1683390409.elb_name": "",
                            "load_balancer.1683390409.target_group_arn": "arn:aws:elasticloadbalancing:us-east-2:478297097809:targetgroup/library/42297f4afe99e3f0",
                            "name": "library",
                            "network_configuration.#": "1",
                            "network_configuration.0.assign_public_ip": "true",
                            "network_configuration.0.security_groups.#": "1",
                            "network_configuration.0.security_groups.1961460309": "sg-022cb5fa20cb8b5ce",
                            "network_configuration.0.subnets.#": "2",
                            "network_configuration.0.subnets.1402688501": "subnet-01c58976cac74dd7a",
                            "network_configuration.0.subnets.3553502681": "subnet-04d6d2b1fcd209db7",
                            "ordered_placement_strategy.#": "0",
                            "placement_constraints.#": "0",
                            "placement_strategy.#": "0",
                            "platform_version": "LATEST",
                            "propagate_tags": "NONE",
                            "scheduling_strategy": "REPLICA",
                            "service_registries.#": "1",
                            "service_registries.564973212.container_name": "",
                            "service_registries.564973212.container_port": "0",
                            "service_registries.564973212.port": "8080",
                            "service_registries.564973212.registry_arn": "arn:aws:servicediscovery:us-east-2:478297097809:service/srv-movsdyipccvkwv6o",
                            "tags.%": "0",
                            "task_definition": "arn:aws:ecs:us-east-2:478297097809:task-definition/library-app-task:14"
                        },
                        "meta": {},
                        "tainted": false
                    },
                    "deposed": [],
                    "provider": "provider.aws"
                },
                "aws_ecs_task_definition.app": {
                    "type": "aws_ecs_task_definition",
                    "depends_on": [
                        "data.aws_iam_role.execution_role",
                        "data.template_file.application"
                    ],
                    "primary": {
                        "id": "library-app-task",
                        "attributes": {
                            "arn": "arn:aws:ecs:us-east-2:478297097809:task-definition/library-app-task:14",
                            "container_definitions": "[{\"cpu\":512,\"environment\":[{\"name\":\"AUTHORIZATION_SERVER_URI\",\"value\":\"http://authorization-server.netlit.local.stg:8080/v1/oauth/user\"},{\"name\":\"DATABASE_ENDPOINT_NAME\",\"value\":\"library.cwqhhhkhaxkf.us-east-2.rds.amazonaws.com\"},{\"name\":\"SPRING_PROFILES_ACTIVE\",\"value\":\"dev\"},{\"name\":\"BOOK_ADDRESS\",\"value\":\"http://netlit-books.s3-website.us-east-2.amazonaws.com\"},{\"name\":\"BOOK_ADDRESS_CONTENT\",\"value\":\"http://cloud-reader.s3-website-us-east-1.amazonaws.com/?epub=epub_content/\"},{\"name\":\"DATABASE_USERNAME\",\"value\":\"ARd4FmUTZbt3CXaJ\"},{\"name\":\"AWS_BUCKET\",\"value\":\"cloud-reader/epub_content\"},{\"name\":\"DATABASE_PASSWORD\",\"value\":\"w8PKJzE2axANmk4s\"}],\"essential\":true,\"image\":\"478297097809.dkr.ecr.us-east-2.amazonaws.com/library:1.0.2-SNAPSHOT\",\"logConfiguration\":{\"logDriver\":\"awslogs\",\"options\":{\"awslogs-group\":\"/ecs/library-app\",\"awslogs-region\":\"us-east-2\",\"awslogs-stream-prefix\":\"ecs\"}},\"memory\":1024,\"mountPoints\":[],\"name\":\"library-app\",\"portMappings\":[{\"containerPort\":8080,\"hostPort\":8080,\"protocol\":\"tcp\"}],\"volumesFrom\":[]}]",
                            "cpu": "512",
                            "execution_role_arn": "arn:aws:iam::478297097809:role/ecsTaskExecutionRole",
                            "family": "library-app-task",
                            "id": "library-app-task",
                            "memory": "1024",
                            "network_mode": "awsvpc",
                            "placement_constraints.#": "0",
                            "requires_compatibilities.#": "1",
                            "requires_compatibilities.3072437307": "FARGATE",
                            "revision": "14",
                            "tags.%": "0",
                            "task_role_arn": "arn:aws:iam::478297097809:role/library-stg-role",
                            "volume.#": "0"
                        },
                        "meta": {
                            "schema_version": "1"
                        },
                        "tainted": false
                    },
                    "deposed": [],
                    "provider": "provider.aws"
                },
                "aws_lb_listener_rule.container.0": {
                    "type": "aws_lb_listener_rule",
                    "depends_on": [
                        "aws_alb_target_group.app",
                        "data.aws_alb_listener.listener"
                    ],
                    "primary": {
                        "id": "arn:aws:elasticloadbalancing:us-east-2:478297097809:listener-rule/app/netlit-load-balancer/e46ba5355555117e/eff5f74fa2f7ee8a/5a351d00eb409f8e",
                        "attributes": {
                            "action.#": "1",
                            "action.0.authenticate_cognito.#": "0",
                            "action.0.authenticate_oidc.#": "0",
                            "action.0.fixed_response.#": "0",
                            "action.0.order": "1",
                            "action.0.redirect.#": "0",
                            "action.0.target_group_arn": "arn:aws:elasticloadbalancing:us-east-2:478297097809:targetgroup/library/42297f4afe99e3f0",
                            "action.0.type": "forward",
                            "arn": "arn:aws:elasticloadbalancing:us-east-2:478297097809:listener-rule/app/netlit-load-balancer/e46ba5355555117e/eff5f74fa2f7ee8a/5a351d00eb409f8e",
                            "condition.#": "1",
                            "condition.513796862.field": "path-pattern",
                            "condition.513796862.values.#": "1",
                            "condition.513796862.values.0": "/v1/bookmarks*",
                            "id": "arn:aws:elasticloadbalancing:us-east-2:478297097809:listener-rule/app/netlit-load-balancer/e46ba5355555117e/eff5f74fa2f7ee8a/5a351d00eb409f8e",
                            "listener_arn": "arn:aws:elasticloadbalancing:us-east-2:478297097809:listener/app/netlit-load-balancer/e46ba5355555117e/eff5f74fa2f7ee8a",
                            "priority": "9"
                        },
                        "meta": {},
                        "tainted": false
                    },
                    "deposed": [],
                    "provider": "provider.aws"
                },
                "aws_lb_listener_rule.container.1": {
                    "type": "aws_lb_listener_rule",
                    "depends_on": [
                        "aws_alb_target_group.app",
                        "data.aws_alb_listener.listener"
                    ],
                    "primary": {
                        "id": "arn:aws:elasticloadbalancing:us-east-2:478297097809:listener-rule/app/netlit-load-balancer/e46ba5355555117e/eff5f74fa2f7ee8a/0963b240b2db2931",
                        "attributes": {
                            "action.#": "1",
                            "action.0.authenticate_cognito.#": "0",
                            "action.0.authenticate_oidc.#": "0",
                            "action.0.fixed_response.#": "0",
                            "action.0.order": "1",
                            "action.0.redirect.#": "0",
                            "action.0.target_group_arn": "arn:aws:elasticloadbalancing:us-east-2:478297097809:targetgroup/library/42297f4afe99e3f0",
                            "action.0.type": "forward",
                            "arn": "arn:aws:elasticloadbalancing:us-east-2:478297097809:listener-rule/app/netlit-load-balancer/e46ba5355555117e/eff5f74fa2f7ee8a/0963b240b2db2931",
                            "condition.#": "1",
                            "condition.3194591406.field": "path-pattern",
                            "condition.3194591406.values.#": "1",
                            "condition.3194591406.values.0": "/v1/books*",
                            "id": "arn:aws:elasticloadbalancing:us-east-2:478297097809:listener-rule/app/netlit-load-balancer/e46ba5355555117e/eff5f74fa2f7ee8a/0963b240b2db2931",
                            "listener_arn": "arn:aws:elasticloadbalancing:us-east-2:478297097809:listener/app/netlit-load-balancer/e46ba5355555117e/eff5f74fa2f7ee8a",
                            "priority": "6"
                        },
                        "meta": {},
                        "tainted": false
                    },
                    "deposed": [],
                    "provider": "provider.aws"
                },
                "aws_lb_listener_rule.container.2": {
                    "type": "aws_lb_listener_rule",
                    "depends_on": [
                        "aws_alb_target_group.app",
                        "data.aws_alb_listener.listener"
                    ],
                    "primary": {
                        "id": "arn:aws:elasticloadbalancing:us-east-2:478297097809:listener-rule/app/netlit-load-balancer/e46ba5355555117e/eff5f74fa2f7ee8a/0a7e27ed5cbe3670",
                        "attributes": {
                            "action.#": "1",
                            "action.0.authenticate_cognito.#": "0",
                            "action.0.authenticate_oidc.#": "0",
                            "action.0.fixed_response.#": "0",
                            "action.0.order": "1",
                            "action.0.redirect.#": "0",
                            "action.0.target_group_arn": "arn:aws:elasticloadbalancing:us-east-2:478297097809:targetgroup/library/42297f4afe99e3f0",
                            "action.0.type": "forward",
                            "arn": "arn:aws:elasticloadbalancing:us-east-2:478297097809:listener-rule/app/netlit-load-balancer/e46ba5355555117e/eff5f74fa2f7ee8a/0a7e27ed5cbe3670",
                            "condition.#": "1",
                            "condition.577901856.field": "path-pattern",
                            "condition.577901856.values.#": "1",
                            "condition.577901856.values.0": "/v1/highlights*",
                            "id": "arn:aws:elasticloadbalancing:us-east-2:478297097809:listener-rule/app/netlit-load-balancer/e46ba5355555117e/eff5f74fa2f7ee8a/0a7e27ed5cbe3670",
                            "listener_arn": "arn:aws:elasticloadbalancing:us-east-2:478297097809:listener/app/netlit-load-balancer/e46ba5355555117e/eff5f74fa2f7ee8a",
                            "priority": "2"
                        },
                        "meta": {},
                        "tainted": false
                    },
                    "deposed": [],
                    "provider": "provider.aws"
                },
                "aws_lb_listener_rule.container.3": {
                    "type": "aws_lb_listener_rule",
                    "depends_on": [
                        "aws_alb_target_group.app",
                        "data.aws_alb_listener.listener"
                    ],
                    "primary": {
                        "id": "arn:aws:elasticloadbalancing:us-east-2:478297097809:listener-rule/app/netlit-load-balancer/e46ba5355555117e/eff5f74fa2f7ee8a/83c5375b5400fd6c",
                        "attributes": {
                            "action.#": "1",
                            "action.0.authenticate_cognito.#": "0",
                            "action.0.authenticate_oidc.#": "0",
                            "action.0.fixed_response.#": "0",
                            "action.0.order": "1",
                            "action.0.redirect.#": "0",
                            "action.0.target_group_arn": "arn:aws:elasticloadbalancing:us-east-2:478297097809:targetgroup/library/42297f4afe99e3f0",
                            "action.0.type": "forward",
                            "arn": "arn:aws:elasticloadbalancing:us-east-2:478297097809:listener-rule/app/netlit-load-balancer/e46ba5355555117e/eff5f74fa2f7ee8a/83c5375b5400fd6c",
                            "condition.#": "1",
                            "condition.2551842913.field": "path-pattern",
                            "condition.2551842913.values.#": "1",
                            "condition.2551842913.values.0": "/v1/latest-readings*",
                            "id": "arn:aws:elasticloadbalancing:us-east-2:478297097809:listener-rule/app/netlit-load-balancer/e46ba5355555117e/eff5f74fa2f7ee8a/83c5375b5400fd6c",
                            "listener_arn": "arn:aws:elasticloadbalancing:us-east-2:478297097809:listener/app/netlit-load-balancer/e46ba5355555117e/eff5f74fa2f7ee8a",
                            "priority": "8"
                        },
                        "meta": {},
                        "tainted": false
                    },
                    "deposed": [],
                    "provider": "provider.aws"
                },
                "aws_lb_listener_rule.container.4": {
                    "type": "aws_lb_listener_rule",
                    "depends_on": [
                        "aws_alb_target_group.app",
                        "data.aws_alb_listener.listener"
                    ],
                    "primary": {
                        "id": "arn:aws:elasticloadbalancing:us-east-2:478297097809:listener-rule/app/netlit-load-balancer/e46ba5355555117e/eff5f74fa2f7ee8a/a46f34b63ee786d2",
                        "attributes": {
                            "action.#": "1",
                            "action.0.authenticate_cognito.#": "0",
                            "action.0.authenticate_oidc.#": "0",
                            "action.0.fixed_response.#": "0",
                            "action.0.order": "1",
                            "action.0.redirect.#": "0",
                            "action.0.target_group_arn": "arn:aws:elasticloadbalancing:us-east-2:478297097809:targetgroup/library/42297f4afe99e3f0",
                            "action.0.type": "forward",
                            "arn": "arn:aws:elasticloadbalancing:us-east-2:478297097809:listener-rule/app/netlit-load-balancer/e46ba5355555117e/eff5f74fa2f7ee8a/a46f34b63ee786d2",
                            "condition.#": "1",
                            "condition.2106176310.field": "path-pattern",
                            "condition.2106176310.values.#": "1",
                            "condition.2106176310.values.0": "/v1/pages/*",
                            "id": "arn:aws:elasticloadbalancing:us-east-2:478297097809:listener-rule/app/netlit-load-balancer/e46ba5355555117e/eff5f74fa2f7ee8a/a46f34b63ee786d2",
                            "listener_arn": "arn:aws:elasticloadbalancing:us-east-2:478297097809:listener/app/netlit-load-balancer/e46ba5355555117e/eff5f74fa2f7ee8a",
                            "priority": "5"
                        },
                        "meta": {},
                        "tainted": false
                    },
                    "deposed": [],
                    "provider": "provider.aws"
                },
                "aws_lb_listener_rule.container.5": {
                    "type": "aws_lb_listener_rule",
                    "depends_on": [
                        "aws_alb_target_group.app",
                        "data.aws_alb_listener.listener"
                    ],
                    "primary": {
                        "id": "arn:aws:elasticloadbalancing:us-east-2:478297097809:listener-rule/app/netlit-load-balancer/e46ba5355555117e/eff5f74fa2f7ee8a/f691e079acc2fea1",
                        "attributes": {
                            "action.#": "1",
                            "action.0.authenticate_cognito.#": "0",
                            "action.0.authenticate_oidc.#": "0",
                            "action.0.fixed_response.#": "0",
                            "action.0.order": "1",
                            "action.0.redirect.#": "0",
                            "action.0.target_group_arn": "arn:aws:elasticloadbalancing:us-east-2:478297097809:targetgroup/library/42297f4afe99e3f0",
                            "action.0.type": "forward",
                            "arn": "arn:aws:elasticloadbalancing:us-east-2:478297097809:listener-rule/app/netlit-load-balancer/e46ba5355555117e/eff5f74fa2f7ee8a/f691e079acc2fea1",
                            "condition.#": "1",
                            "condition.2395802698.field": "path-pattern",
                            "condition.2395802698.values.#": "1",
                            "condition.2395802698.values.0": "/v1/review*",
                            "id": "arn:aws:elasticloadbalancing:us-east-2:478297097809:listener-rule/app/netlit-load-balancer/e46ba5355555117e/eff5f74fa2f7ee8a/f691e079acc2fea1",
                            "listener_arn": "arn:aws:elasticloadbalancing:us-east-2:478297097809:listener/app/netlit-load-balancer/e46ba5355555117e/eff5f74fa2f7ee8a",
                            "priority": "36"
                        },
                        "meta": {},
                        "tainted": false
                    },
                    "deposed": [],
                    "provider": "provider.aws"
                },
                "aws_lb_listener_rule.container.6": {
                    "type": "aws_lb_listener_rule",
                    "depends_on": [
                        "aws_alb_target_group.app",
                        "data.aws_alb_listener.listener"
                    ],
                    "primary": {
                        "id": "arn:aws:elasticloadbalancing:us-east-2:478297097809:listener-rule/app/netlit-load-balancer/e46ba5355555117e/eff5f74fa2f7ee8a/c6122477d30a3eb4",
                        "attributes": {
                            "action.#": "1",
                            "action.0.authenticate_cognito.#": "0",
                            "action.0.authenticate_oidc.#": "0",
                            "action.0.fixed_response.#": "0",
                            "action.0.order": "1",
                            "action.0.redirect.#": "0",
                            "action.0.target_group_arn": "arn:aws:elasticloadbalancing:us-east-2:478297097809:targetgroup/library/42297f4afe99e3f0",
                            "action.0.type": "forward",
                            "arn": "arn:aws:elasticloadbalancing:us-east-2:478297097809:listener-rule/app/netlit-load-balancer/e46ba5355555117e/eff5f74fa2f7ee8a/c6122477d30a3eb4",
                            "condition.#": "1",
                            "condition.1697546577.field": "path-pattern",
                            "condition.1697546577.values.#": "1",
                            "condition.1697546577.values.0": "/v1/filter*",
                            "id": "arn:aws:elasticloadbalancing:us-east-2:478297097809:listener-rule/app/netlit-load-balancer/e46ba5355555117e/eff5f74fa2f7ee8a/c6122477d30a3eb4",
                            "listener_arn": "arn:aws:elasticloadbalancing:us-east-2:478297097809:listener/app/netlit-load-balancer/e46ba5355555117e/eff5f74fa2f7ee8a",
                            "priority": "39"
                        },
                        "meta": {},
                        "tainted": false
                    },
                    "deposed": [],
                    "provider": "provider.aws"
                },
                "aws_service_discovery_service.service_discovery": {
                    "type": "aws_service_discovery_service",
                    "depends_on": [],
                    "primary": {
                        "id": "srv-movsdyipccvkwv6o",
                        "attributes": {
                            "arn": "arn:aws:servicediscovery:us-east-2:478297097809:service/srv-movsdyipccvkwv6o",
                            "description": "",
                            "dns_config.#": "1",
                            "dns_config.0.dns_records.#": "2",
                            "dns_config.0.dns_records.0.ttl": "10",
                            "dns_config.0.dns_records.0.type": "A",
                            "dns_config.0.dns_records.1.ttl": "10",
                            "dns_config.0.dns_records.1.type": "SRV",
                            "dns_config.0.namespace_id": "ns-wgky7wzb75zfrsm4",
                            "dns_config.0.routing_policy": "MULTIVALUE",
                            "health_check_config.#": "0",
                            "health_check_custom_config.#": "1",
                            "health_check_custom_config.0.failure_threshold": "5",
                            "id": "srv-movsdyipccvkwv6o",
                            "name": "library"
                        },
                        "meta": {},
                        "tainted": false
                    },
                    "deposed": [],
                    "provider": "provider.aws"
                },
                "data.aws_alb_listener.listener": {
                    "type": "aws_alb_listener",
                    "depends_on": [],
                    "primary": {
                        "id": "arn:aws:elasticloadbalancing:us-east-2:478297097809:listener/app/netlit-load-balancer/e46ba5355555117e/eff5f74fa2f7ee8a",
                        "attributes": {
                            "arn": "arn:aws:elasticloadbalancing:us-east-2:478297097809:listener/app/netlit-load-balancer/e46ba5355555117e/eff5f74fa2f7ee8a",
                            "default_action.#": "1",
                            "default_action.0.authenticate_cognito.#": "0",
                            "default_action.0.authenticate_oidc.#": "0",
                            "default_action.0.fixed_response.#": "1",
                            "default_action.0.fixed_response.0.content_type": "application/json",
                            "default_action.0.fixed_response.0.message_body": "{\"error\":\"Not Found\"}",
                            "default_action.0.fixed_response.0.status_code": "404",
                            "default_action.0.order": "1",
                            "default_action.0.redirect.#": "0",
                            "default_action.0.target_group_arn": "",
                            "default_action.0.type": "fixed-response",
                            "id": "arn:aws:elasticloadbalancing:us-east-2:478297097809:listener/app/netlit-load-balancer/e46ba5355555117e/eff5f74fa2f7ee8a",
                            "load_balancer_arn": "arn:aws:elasticloadbalancing:us-east-2:478297097809:loadbalancer/app/netlit-load-balancer/e46ba5355555117e",
                            "port": "80",
                            "protocol": "HTTP",
                            "ssl_policy": ""
                        },
                        "meta": {},
                        "tainted": false
                    },
                    "deposed": [],
                    "provider": "provider.aws"
                },
                "data.aws_iam_role.execution_role": {
                    "type": "aws_iam_role",
                    "depends_on": [],
                    "primary": {
                        "id": "ecsTaskExecutionRole",
                        "attributes": {
                            "arn": "arn:aws:iam::478297097809:role/ecsTaskExecutionRole",
                            "assume_role_policy": "{\"Version\":\"2012-10-17\",\"Statement\":[{\"Effect\":\"Allow\",\"Principal\":{\"Service\":\"ecs-tasks.amazonaws.com\"},\"Action\":\"sts:AssumeRole\"}]}",
                            "create_date": "2019-04-22T16:16:50Z",
                            "description": "Allows ECS tasks to call AWS services on your behalf.",
                            "id": "ecsTaskExecutionRole",
                            "max_session_duration": "3600",
                            "name": "ecsTaskExecutionRole",
                            "path": "/",
                            "permissions_boundary": "",
                            "unique_id": "AROAW6XF2QZIWO5VYNPUF"
                        },
                        "meta": {},
                        "tainted": false
                    },
                    "deposed": [],
                    "provider": "provider.aws"
                },
                "data.aws_subnet_ids.privates": {
                    "type": "aws_subnet_ids",
                    "depends_on": [],
                    "primary": {
                        "id": "vpc-092993e2dee571ef9",
                        "attributes": {
                            "id": "vpc-092993e2dee571ef9",
                            "ids.#": "2",
                            "ids.1402688501": "subnet-01c58976cac74dd7a",
                            "ids.3553502681": "subnet-04d6d2b1fcd209db7",
                            "tags.%": "1",
                            "tags.Tier": "Private",
                            "vpc_id": "vpc-092993e2dee571ef9"
                        },
                        "meta": {},
                        "tainted": false
                    },
                    "deposed": [],
                    "provider": "provider.aws"
                },
                "data.template_file.application": {
                    "type": "template_file",
                    "depends_on": [
                        "aws_cloudwatch_log_group.application_log_group"
                    ],
                    "primary": {
                        "id": "e6e46dc6e5ff0fcd756abc7fcca6b25111d804994a020bf2625b99459ae3348c",
                        "attributes": {
                            "id": "e6e46dc6e5ff0fcd756abc7fcca6b25111d804994a020bf2625b99459ae3348c",
                            "rendered": "[\n  {\n    \"cpu\": 512,\n    \"environment\": [\n  {\n    \"name\": \"SPRING_PROFILES_ACTIVE\",\n    \"value\": \"dev\"\n  },\n  {\n    \"name\": \"AUTHORIZATION_SERVER_URI\",\n    \"value\": \"http://authorization-server.netlit.local.stg:8080/v1/oauth/user\"\n  },\n  {\n    \"name\": \"BOOK_ADDRESS\",\n    \"value\": \"http://netlit-books.s3-website.us-east-2.amazonaws.com\"\n  },\n  {\n    \"name\": \"BOOK_ADDRESS_CONTENT\",\n    \"value\": \"http://cloud-reader.s3-website-us-east-1.amazonaws.com/?epub=epub_content/\"\n  },\n  {\n    \"name\": \"DATABASE_ENDPOINT_NAME\",\n    \"value\": \"library.cwqhhhkhaxkf.us-east-2.rds.amazonaws.com\"\n  },\n  {\n    \"name\": \"DATABASE_USERNAME\",\n    \"value\": \"ARd4FmUTZbt3CXaJ\"\n  },\n  {\n    \"name\": \"DATABASE_PASSWORD\",\n    \"value\": \"w8PKJzE2axANmk4s\"\n  },\n  {\n  \t\"name\": \"AWS_BUCKET\",\n  \t\"value\": \"cloud-reader/epub_content\"\n  }\n]\n,\n    \"essential\": true,\n    \"image\": \"478297097809.dkr.ecr.us-east-2.amazonaws.com/library:1.0.2-SNAPSHOT\",\n    \"logConfiguration\": {\n        \"logDriver\": \"awslogs\",\n        \"options\": {\n          \"awslogs-group\": \"/ecs/library-app\",\n          \"awslogs-region\": \"us-east-2\",\n          \"awslogs-stream-prefix\": \"ecs\"\n        }\n    },\n    \"memory\": 1024,\n    \"mountPoints\": [],\n    \"name\": \"library-app\",\n    \"portMappings\": [\n      {\n        \"containerPort\": 8080,\n        \"hostPort\": 8080\n      }\n    ],\n    \"networkMode\": \"awsvpc\",\n    \"volumesFrom\": []\n  }\n]\n",
                            "template": "[\n  {\n    \"cpu\": ${fargate_cpu},\n    \"environment\": ${environment_variables},\n    \"essential\": true,\n    \"image\": \"${app_image}\",\n    \"logConfiguration\": {\n        \"logDriver\": \"awslogs\",\n        \"options\": {\n          \"awslogs-group\": \"${log_group_name}\",\n          \"awslogs-region\": \"${aws_region}\",\n          \"awslogs-stream-prefix\": \"ecs\"\n        }\n    },\n    \"memory\": ${fargate_memory},\n    \"mountPoints\": [],\n    \"name\": \"${app_name}\",\n    \"portMappings\": [\n      {\n        \"containerPort\": ${app_port},\n        \"hostPort\": ${app_port}\n      }\n    ],\n    \"networkMode\": \"awsvpc\",\n    \"volumesFrom\": []\n  }\n]\n",
                            "vars.%": "8",
                            "vars.app_image": "478297097809.dkr.ecr.us-east-2.amazonaws.com/library:1.0.2-SNAPSHOT",
                            "vars.app_name": "library-app",
                            "vars.app_port": "8080",
                            "vars.aws_region": "us-east-2",
                            "vars.environment_variables": "[\n  {\n    \"name\": \"SPRING_PROFILES_ACTIVE\",\n    \"value\": \"dev\"\n  },\n  {\n    \"name\": \"AUTHORIZATION_SERVER_URI\",\n    \"value\": \"http://authorization-server.netlit.local.stg:8080/v1/oauth/user\"\n  },\n  {\n    \"name\": \"BOOK_ADDRESS\",\n    \"value\": \"http://netlit-books.s3-website.us-east-2.amazonaws.com\"\n  },\n  {\n    \"name\": \"BOOK_ADDRESS_CONTENT\",\n    \"value\": \"http://cloud-reader.s3-website-us-east-1.amazonaws.com/?epub=epub_content/\"\n  },\n  {\n    \"name\": \"DATABASE_ENDPOINT_NAME\",\n    \"value\": \"library.cwqhhhkhaxkf.us-east-2.rds.amazonaws.com\"\n  },\n  {\n    \"name\": \"DATABASE_USERNAME\",\n    \"value\": \"ARd4FmUTZbt3CXaJ\"\n  },\n  {\n    \"name\": \"DATABASE_PASSWORD\",\n    \"value\": \"w8PKJzE2axANmk4s\"\n  },\n  {\n  \t\"name\": \"AWS_BUCKET\",\n  \t\"value\": \"cloud-reader/epub_content\"\n  }\n]\n",
                            "vars.fargate_cpu": "512",
                            "vars.fargate_memory": "1024",
                            "vars.log_group_name": "/ecs/library-app"
                        },
                        "meta": {},
                        "tainted": false
                    },
                    "deposed": [],
                    "provider": "provider.template"
                }
            },
            "depends_on": []
        },
        {
            "path": [
                "root",
                "payments"
            ],
            "outputs": {
                "discovery_dns": {
                    "sensitive": false,
                    "type": "string",
                    "value": "payments.netlit.local.stg"
                }
            },
            "resources": {
                "aws_alb_target_group.app": {
                    "type": "aws_alb_target_group",
                    "depends_on": [],
                    "primary": {
                        "id": "arn:aws:elasticloadbalancing:us-east-2:478297097809:targetgroup/payments/85e7bdfab763c7cc",
                        "attributes": {
                            "arn": "arn:aws:elasticloadbalancing:us-east-2:478297097809:targetgroup/payments/85e7bdfab763c7cc",
                            "arn_suffix": "targetgroup/payments/85e7bdfab763c7cc",
                            "deregistration_delay": "300",
                            "health_check.#": "1",
                            "health_check.0.enabled": "true",
                            "health_check.0.healthy_threshold": "3",
                            "health_check.0.interval": "30",
                            "health_check.0.matcher": "200",
                            "health_check.0.path": "/v1/actuator/health",
                            "health_check.0.port": "traffic-port",
                            "health_check.0.protocol": "HTTP",
                            "health_check.0.timeout": "3",
                            "health_check.0.unhealthy_threshold": "2",
                            "id": "arn:aws:elasticloadbalancing:us-east-2:478297097809:targetgroup/payments/85e7bdfab763c7cc",
                            "lambda_multi_value_headers_enabled": "false",
                            "name": "payments",
                            "port": "80",
                            "protocol": "HTTP",
                            "proxy_protocol_v2": "false",
                            "slow_start": "0",
                            "stickiness.#": "1",
                            "stickiness.0.cookie_duration": "86400",
                            "stickiness.0.enabled": "false",
                            "stickiness.0.type": "lb_cookie",
                            "tags.%": "0",
                            "target_type": "ip",
                            "vpc_id": "vpc-092993e2dee571ef9"
                        },
                        "meta": {},
                        "tainted": false
                    },
                    "deposed": [],
                    "provider": "provider.aws"
                },
                "aws_cloudwatch_log_group.application_log_group": {
                    "type": "aws_cloudwatch_log_group",
                    "depends_on": [],
                    "primary": {
                        "id": "/ecs/payments-app",
                        "attributes": {
                            "arn": "arn:aws:logs:us-east-2:478297097809:log-group:/ecs/payments-app:*",
                            "id": "/ecs/payments-app",
                            "kms_key_id": "",
                            "name": "/ecs/payments-app",
                            "retention_in_days": "30",
                            "tags.%": "1",
                            "tags.Name": "payments-log-group"
                        },
                        "meta": {},
                        "tainted": false
                    },
                    "deposed": [],
                    "provider": "provider.aws"
                },
                "aws_cloudwatch_log_stream.application_log_stream": {
                    "type": "aws_cloudwatch_log_stream",
                    "depends_on": [
                        "aws_cloudwatch_log_group.application_log_group"
                    ],
                    "primary": {
                        "id": "payments-log-stream",
                        "attributes": {
                            "arn": "arn:aws:logs:us-east-2:478297097809:log-group:/ecs/payments-app:log-stream:payments-log-stream",
                            "id": "payments-log-stream",
                            "log_group_name": "/ecs/payments-app",
                            "name": "payments-log-stream"
                        },
                        "meta": {},
                        "tainted": false
                    },
                    "deposed": [],
                    "provider": "provider.aws"
                },
                "aws_ecs_service.application": {
                    "type": "aws_ecs_service",
                    "depends_on": [
                        "aws_alb_target_group.app",
                        "aws_ecs_task_definition.app",
                        "aws_service_discovery_service.service_discovery",
                        "data.aws_subnet_ids.privates"
                    ],
                    "primary": {
                        "id": "arn:aws:ecs:us-east-2:478297097809:service/payments",
                        "attributes": {
                            "cluster": "arn:aws:ecs:us-east-2:478297097809:cluster/netlit-cluster",
                            "deployment_controller.#": "1",
                            "deployment_controller.0.type": "ECS",
                            "deployment_maximum_percent": "200",
                            "deployment_minimum_healthy_percent": "100",
                            "desired_count": "1",
                            "enable_ecs_managed_tags": "false",
                            "health_check_grace_period_seconds": "0",
                            "iam_role": "aws-service-role",
                            "id": "arn:aws:ecs:us-east-2:478297097809:service/payments",
                            "launch_type": "FARGATE",
                            "load_balancer.#": "1",
                            "load_balancer.2078214669.container_name": "payments-app",
                            "load_balancer.2078214669.container_port": "8080",
                            "load_balancer.2078214669.elb_name": "",
                            "load_balancer.2078214669.target_group_arn": "arn:aws:elasticloadbalancing:us-east-2:478297097809:targetgroup/payments/85e7bdfab763c7cc",
                            "name": "payments",
                            "network_configuration.#": "1",
                            "network_configuration.0.assign_public_ip": "true",
                            "network_configuration.0.security_groups.#": "1",
                            "network_configuration.0.security_groups.1961460309": "sg-022cb5fa20cb8b5ce",
                            "network_configuration.0.subnets.#": "2",
                            "network_configuration.0.subnets.1402688501": "subnet-01c58976cac74dd7a",
                            "network_configuration.0.subnets.3553502681": "subnet-04d6d2b1fcd209db7",
                            "ordered_placement_strategy.#": "0",
                            "placement_constraints.#": "0",
                            "placement_strategy.#": "0",
                            "platform_version": "LATEST",
                            "propagate_tags": "NONE",
                            "scheduling_strategy": "REPLICA",
                            "service_registries.#": "1",
                            "service_registries.2362459299.container_name": "",
                            "service_registries.2362459299.container_port": "0",
                            "service_registries.2362459299.port": "8080",
                            "service_registries.2362459299.registry_arn": "arn:aws:servicediscovery:us-east-2:478297097809:service/srv-n2k5xfidih2znclv",
                            "tags.%": "0",
                            "task_definition": "arn:aws:ecs:us-east-2:478297097809:task-definition/payments-app-task:14"
                        },
                        "meta": {},
                        "tainted": false
                    },
                    "deposed": [],
                    "provider": "provider.aws"
                },
                "aws_ecs_task_definition.app": {
                    "type": "aws_ecs_task_definition",
                    "depends_on": [
                        "data.aws_iam_role.execution_role",
                        "data.template_file.application"
                    ],
                    "primary": {
                        "id": "payments-app-task",
                        "attributes": {
                            "arn": "arn:aws:ecs:us-east-2:478297097809:task-definition/payments-app-task:14",
                            "container_definitions": "[{\"cpu\":512,\"environment\":[{\"name\":\"ADYEN_CHECKOUT_API_ADDRESS\",\"value\":\"https://checkout-test.adyen.com\"},{\"name\":\"AUTHORIZATION_SERVER_URI\",\"value\":\"http://authorization-server.netlit.local.stg:8080/v1/oauth/user\"},{\"name\":\"ADYEN_MERCHANT_ACCOUNT\",\"value\":\"EditoraDoBrasilNetLit\"},{\"name\":\"DATABASE_ENDPOINT_NAME\",\"value\":\"payments.cwqhhhkhaxkf.us-east-2.rds.amazonaws.com\"},{\"name\":\"SPRING_PROFILES_ACTIVE\",\"value\":\"dev\"},{\"name\":\"DATABASE_USERNAME\",\"value\":\"KqwU76juxEcXtCdf\"},{\"name\":\"ADYEN_API_ADDRESS\",\"value\":\"https://pal-test.adyen.com/pal/servlet\"},{\"name\":\"AWS_SQS_QUEUE\",\"value\":\"https://sqs.us-east-2.amazonaws.com/478297097809/payments-queue\"},{\"name\":\"ADYEN_API_KEY\",\"value\":\"AQEqhmfuXNWTK0Qc+iSVlm0sqPaabIRvH5JZUWmghokj2pHQnP+ZQEXkXy7NEMFdWw2+5HzctViMSCJMYAc=-vOQXJCIdE95kITymUHHQFH3Xee1I5IfoiHHIivUQxqU=-s9uNXNh7n8MhDctB\"},{\"name\":\"DATABASE_PASSWORD\",\"value\":\"AJT8EPYcNGxMqpKm\"}],\"essential\":true,\"image\":\"478297097809.dkr.ecr.us-east-2.amazonaws.com/payments:1.0.3-SNAPSHOT\",\"logConfiguration\":{\"logDriver\":\"awslogs\",\"options\":{\"awslogs-group\":\"/ecs/payments-app\",\"awslogs-region\":\"us-east-2\",\"awslogs-stream-prefix\":\"ecs\"}},\"memory\":1024,\"mountPoints\":[],\"name\":\"payments-app\",\"portMappings\":[{\"containerPort\":8080,\"hostPort\":8080,\"protocol\":\"tcp\"}],\"volumesFrom\":[]}]",
                            "cpu": "512",
                            "execution_role_arn": "arn:aws:iam::478297097809:role/ecsTaskExecutionRole",
                            "family": "payments-app-task",
                            "id": "payments-app-task",
                            "memory": "1024",
                            "network_mode": "awsvpc",
                            "placement_constraints.#": "0",
                            "requires_compatibilities.#": "1",
                            "requires_compatibilities.3072437307": "FARGATE",
                            "revision": "14",
                            "tags.%": "0",
                            "task_role_arn": "arn:aws:iam::478297097809:role/payments-stg-role",
                            "volume.#": "0"
                        },
                        "meta": {
                            "schema_version": "1"
                        },
                        "tainted": false
                    },
                    "deposed": [],
                    "provider": "provider.aws"
                },
                "aws_lb_listener_rule.container.0": {
                    "type": "aws_lb_listener_rule",
                    "depends_on": [
                        "aws_alb_target_group.app",
                        "data.aws_alb_listener.listener"
                    ],
                    "primary": {
                        "id": "arn:aws:elasticloadbalancing:us-east-2:478297097809:listener-rule/app/netlit-load-balancer/e46ba5355555117e/eff5f74fa2f7ee8a/4d495eedb403fc23",
                        "attributes": {
                            "action.#": "1",
                            "action.0.authenticate_cognito.#": "0",
                            "action.0.authenticate_oidc.#": "0",
                            "action.0.fixed_response.#": "0",
                            "action.0.order": "1",
                            "action.0.redirect.#": "0",
                            "action.0.target_group_arn": "arn:aws:elasticloadbalancing:us-east-2:478297097809:targetgroup/payments/85e7bdfab763c7cc",
                            "action.0.type": "forward",
                            "arn": "arn:aws:elasticloadbalancing:us-east-2:478297097809:listener-rule/app/netlit-load-balancer/e46ba5355555117e/eff5f74fa2f7ee8a/4d495eedb403fc23",
                            "condition.#": "1",
                            "condition.3692101048.field": "path-pattern",
                            "condition.3692101048.values.#": "1",
                            "condition.3692101048.values.0": "/v1/credit-cards*",
                            "id": "arn:aws:elasticloadbalancing:us-east-2:478297097809:listener-rule/app/netlit-load-balancer/e46ba5355555117e/eff5f74fa2f7ee8a/4d495eedb403fc23",
                            "listener_arn": "arn:aws:elasticloadbalancing:us-east-2:478297097809:listener/app/netlit-load-balancer/e46ba5355555117e/eff5f74fa2f7ee8a",
                            "priority": "10"
                        },
                        "meta": {},
                        "tainted": false
                    },
                    "deposed": [],
                    "provider": "provider.aws"
                },
                "aws_lb_listener_rule.container.1": {
                    "type": "aws_lb_listener_rule",
                    "depends_on": [
                        "aws_alb_target_group.app",
                        "data.aws_alb_listener.listener"
                    ],
                    "primary": {
                        "id": "arn:aws:elasticloadbalancing:us-east-2:478297097809:listener-rule/app/netlit-load-balancer/e46ba5355555117e/eff5f74fa2f7ee8a/99edd84a677ffd23",
                        "attributes": {
                            "action.#": "1",
                            "action.0.authenticate_cognito.#": "0",
                            "action.0.authenticate_oidc.#": "0",
                            "action.0.fixed_response.#": "0",
                            "action.0.order": "1",
                            "action.0.redirect.#": "0",
                            "action.0.target_group_arn": "arn:aws:elasticloadbalancing:us-east-2:478297097809:targetgroup/payments/85e7bdfab763c7cc",
                            "action.0.type": "forward",
                            "arn": "arn:aws:elasticloadbalancing:us-east-2:478297097809:listener-rule/app/netlit-load-balancer/e46ba5355555117e/eff5f74fa2f7ee8a/99edd84a677ffd23",
                            "condition.#": "1",
                            "condition.4182108729.field": "path-pattern",
                            "condition.4182108729.values.#": "1",
                            "condition.4182108729.values.0": "/v1/payments*",
                            "id": "arn:aws:elasticloadbalancing:us-east-2:478297097809:listener-rule/app/netlit-load-balancer/e46ba5355555117e/eff5f74fa2f7ee8a/99edd84a677ffd23",
                            "listener_arn": "arn:aws:elasticloadbalancing:us-east-2:478297097809:listener/app/netlit-load-balancer/e46ba5355555117e/eff5f74fa2f7ee8a",
                            "priority": "31"
                        },
                        "meta": {},
                        "tainted": false
                    },
                    "deposed": [],
                    "provider": "provider.aws"
                },
                "aws_lb_listener_rule.container.2": {
                    "type": "aws_lb_listener_rule",
                    "depends_on": [
                        "aws_alb_target_group.app",
                        "data.aws_alb_listener.listener"
                    ],
                    "primary": {
                        "id": "arn:aws:elasticloadbalancing:us-east-2:478297097809:listener-rule/app/netlit-load-balancer/e46ba5355555117e/eff5f74fa2f7ee8a/ffcaa4366e845ff3",
                        "attributes": {
                            "action.#": "1",
                            "action.0.authenticate_cognito.#": "0",
                            "action.0.authenticate_oidc.#": "0",
                            "action.0.fixed_response.#": "0",
                            "action.0.order": "1",
                            "action.0.redirect.#": "0",
                            "action.0.target_group_arn": "arn:aws:elasticloadbalancing:us-east-2:478297097809:targetgroup/payments/85e7bdfab763c7cc",
                            "action.0.type": "forward",
                            "arn": "arn:aws:elasticloadbalancing:us-east-2:478297097809:listener-rule/app/netlit-load-balancer/e46ba5355555117e/eff5f74fa2f7ee8a/ffcaa4366e845ff3",
                            "condition.#": "1",
                            "condition.572556579.field": "path-pattern",
                            "condition.572556579.values.#": "1",
                            "condition.572556579.values.0": "/v1/subscription-plans*",
                            "id": "arn:aws:elasticloadbalancing:us-east-2:478297097809:listener-rule/app/netlit-load-balancer/e46ba5355555117e/eff5f74fa2f7ee8a/ffcaa4366e845ff3",
                            "listener_arn": "arn:aws:elasticloadbalancing:us-east-2:478297097809:listener/app/netlit-load-balancer/e46ba5355555117e/eff5f74fa2f7ee8a",
                            "priority": "32"
                        },
                        "meta": {},
                        "tainted": false
                    },
                    "deposed": [],
                    "provider": "provider.aws"
                },
                "aws_service_discovery_service.service_discovery": {
                    "type": "aws_service_discovery_service",
                    "depends_on": [],
                    "primary": {
                        "id": "srv-n2k5xfidih2znclv",
                        "attributes": {
                            "arn": "arn:aws:servicediscovery:us-east-2:478297097809:service/srv-n2k5xfidih2znclv",
                            "description": "",
                            "dns_config.#": "1",
                            "dns_config.0.dns_records.#": "2",
                            "dns_config.0.dns_records.0.ttl": "10",
                            "dns_config.0.dns_records.0.type": "A",
                            "dns_config.0.dns_records.1.ttl": "10",
                            "dns_config.0.dns_records.1.type": "SRV",
                            "dns_config.0.namespace_id": "ns-wgky7wzb75zfrsm4",
                            "dns_config.0.routing_policy": "MULTIVALUE",
                            "health_check_config.#": "0",
                            "health_check_custom_config.#": "1",
                            "health_check_custom_config.0.failure_threshold": "5",
                            "id": "srv-n2k5xfidih2znclv",
                            "name": "payments"
                        },
                        "meta": {},
                        "tainted": false
                    },
                    "deposed": [],
                    "provider": "provider.aws"
                },
                "data.aws_alb_listener.listener": {
                    "type": "aws_alb_listener",
                    "depends_on": [],
                    "primary": {
                        "id": "arn:aws:elasticloadbalancing:us-east-2:478297097809:listener/app/netlit-load-balancer/e46ba5355555117e/eff5f74fa2f7ee8a",
                        "attributes": {
                            "arn": "arn:aws:elasticloadbalancing:us-east-2:478297097809:listener/app/netlit-load-balancer/e46ba5355555117e/eff5f74fa2f7ee8a",
                            "default_action.#": "1",
                            "default_action.0.authenticate_cognito.#": "0",
                            "default_action.0.authenticate_oidc.#": "0",
                            "default_action.0.fixed_response.#": "1",
                            "default_action.0.fixed_response.0.content_type": "application/json",
                            "default_action.0.fixed_response.0.message_body": "{\"error\":\"Not Found\"}",
                            "default_action.0.fixed_response.0.status_code": "404",
                            "default_action.0.order": "1",
                            "default_action.0.redirect.#": "0",
                            "default_action.0.target_group_arn": "",
                            "default_action.0.type": "fixed-response",
                            "id": "arn:aws:elasticloadbalancing:us-east-2:478297097809:listener/app/netlit-load-balancer/e46ba5355555117e/eff5f74fa2f7ee8a",
                            "load_balancer_arn": "arn:aws:elasticloadbalancing:us-east-2:478297097809:loadbalancer/app/netlit-load-balancer/e46ba5355555117e",
                            "port": "80",
                            "protocol": "HTTP",
                            "ssl_policy": ""
                        },
                        "meta": {},
                        "tainted": false
                    },
                    "deposed": [],
                    "provider": "provider.aws"
                },
                "data.aws_iam_role.execution_role": {
                    "type": "aws_iam_role",
                    "depends_on": [],
                    "primary": {
                        "id": "ecsTaskExecutionRole",
                        "attributes": {
                            "arn": "arn:aws:iam::478297097809:role/ecsTaskExecutionRole",
                            "assume_role_policy": "{\"Version\":\"2012-10-17\",\"Statement\":[{\"Effect\":\"Allow\",\"Principal\":{\"Service\":\"ecs-tasks.amazonaws.com\"},\"Action\":\"sts:AssumeRole\"}]}",
                            "create_date": "2019-04-22T16:16:50Z",
                            "description": "Allows ECS tasks to call AWS services on your behalf.",
                            "id": "ecsTaskExecutionRole",
                            "max_session_duration": "3600",
                            "name": "ecsTaskExecutionRole",
                            "path": "/",
                            "permissions_boundary": "",
                            "unique_id": "AROAW6XF2QZIWO5VYNPUF"
                        },
                        "meta": {},
                        "tainted": false
                    },
                    "deposed": [],
                    "provider": "provider.aws"
                },
                "data.aws_subnet_ids.privates": {
                    "type": "aws_subnet_ids",
                    "depends_on": [],
                    "primary": {
                        "id": "vpc-092993e2dee571ef9",
                        "attributes": {
                            "id": "vpc-092993e2dee571ef9",
                            "ids.#": "2",
                            "ids.1402688501": "subnet-01c58976cac74dd7a",
                            "ids.3553502681": "subnet-04d6d2b1fcd209db7",
                            "tags.%": "1",
                            "tags.Tier": "Private",
                            "vpc_id": "vpc-092993e2dee571ef9"
                        },
                        "meta": {},
                        "tainted": false
                    },
                    "deposed": [],
                    "provider": "provider.aws"
                },
                "data.template_file.application": {
                    "type": "template_file",
                    "depends_on": [
                        "aws_cloudwatch_log_group.application_log_group"
                    ],
                    "primary": {
                        "id": "fe55d6a8ca63ba31a1f188d329195967e1ba9796eaaf49728c3a8576a5265422",
                        "attributes": {
                            "id": "fe55d6a8ca63ba31a1f188d329195967e1ba9796eaaf49728c3a8576a5265422",
                            "rendered": "[\n  {\n    \"cpu\": 512,\n    \"environment\": [\n  {\n    \"name\": \"SPRING_PROFILES_ACTIVE\",\n    \"value\": \"dev\"\n  },\n  {\n    \"name\": \"ADYEN_API_ADDRESS\",\n    \"value\": \"https://pal-test.adyen.com/pal/servlet\"\n  },\n  {\n    \"name\": \"ADYEN_CHECKOUT_API_ADDRESS\",\n    \"value\": \"https://checkout-test.adyen.com\"\n  },\n  {\n    \"name\": \"ADYEN_API_KEY\",\n    \"value\": \"AQEqhmfuXNWTK0Qc+iSVlm0sqPaabIRvH5JZUWmghokj2pHQnP+ZQEXkXy7NEMFdWw2+5HzctViMSCJMYAc=-vOQXJCIdE95kITymUHHQFH3Xee1I5IfoiHHIivUQxqU=-s9uNXNh7n8MhDctB\"\n  },\n  {\n    \"name\": \"ADYEN_MERCHANT_ACCOUNT\",\n    \"value\": \"EditoraDoBrasilNetLit\"\n  },\n  {\n    \"name\": \"AUTHORIZATION_SERVER_URI\",\n    \"value\": \"http://authorization-server.netlit.local.stg:8080/v1/oauth/user\"\n  },\n  {\n    \"name\": \"AWS_SQS_QUEUE\",\n    \"value\": \"https://sqs.us-east-2.amazonaws.com/478297097809/payments-queue\"\n  },\n  {\n    \"name\": \"DATABASE_ENDPOINT_NAME\",\n    \"value\": \"payments.cwqhhhkhaxkf.us-east-2.rds.amazonaws.com\"\n  },\n  {\n    \"name\": \"DATABASE_USERNAME\",\n    \"value\": \"KqwU76juxEcXtCdf\"\n  },\n  {\n    \"name\": \"DATABASE_PASSWORD\",\n    \"value\": \"AJT8EPYcNGxMqpKm\"\n  }\n]\n,\n    \"essential\": true,\n    \"image\": \"478297097809.dkr.ecr.us-east-2.amazonaws.com/payments:1.0.3-SNAPSHOT\",\n    \"logConfiguration\": {\n        \"logDriver\": \"awslogs\",\n        \"options\": {\n          \"awslogs-group\": \"/ecs/payments-app\",\n          \"awslogs-region\": \"us-east-2\",\n          \"awslogs-stream-prefix\": \"ecs\"\n        }\n    },\n    \"memory\": 1024,\n    \"mountPoints\": [],\n    \"name\": \"payments-app\",\n    \"portMappings\": [\n      {\n        \"containerPort\": 8080,\n        \"hostPort\": 8080\n      }\n    ],\n    \"networkMode\": \"awsvpc\",\n    \"volumesFrom\": []\n  }\n]\n",
                            "template": "[\n  {\n    \"cpu\": ${fargate_cpu},\n    \"environment\": ${environment_variables},\n    \"essential\": true,\n    \"image\": \"${app_image}\",\n    \"logConfiguration\": {\n        \"logDriver\": \"awslogs\",\n        \"options\": {\n          \"awslogs-group\": \"${log_group_name}\",\n          \"awslogs-region\": \"${aws_region}\",\n          \"awslogs-stream-prefix\": \"ecs\"\n        }\n    },\n    \"memory\": ${fargate_memory},\n    \"mountPoints\": [],\n    \"name\": \"${app_name}\",\n    \"portMappings\": [\n      {\n        \"containerPort\": ${app_port},\n        \"hostPort\": ${app_port}\n      }\n    ],\n    \"networkMode\": \"awsvpc\",\n    \"volumesFrom\": []\n  }\n]\n",
                            "vars.%": "8",
                            "vars.app_image": "478297097809.dkr.ecr.us-east-2.amazonaws.com/payments:1.0.3-SNAPSHOT",
                            "vars.app_name": "payments-app",
                            "vars.app_port": "8080",
                            "vars.aws_region": "us-east-2",
                            "vars.environment_variables": "[\n  {\n    \"name\": \"SPRING_PROFILES_ACTIVE\",\n    \"value\": \"dev\"\n  },\n  {\n    \"name\": \"ADYEN_API_ADDRESS\",\n    \"value\": \"https://pal-test.adyen.com/pal/servlet\"\n  },\n  {\n    \"name\": \"ADYEN_CHECKOUT_API_ADDRESS\",\n    \"value\": \"https://checkout-test.adyen.com\"\n  },\n  {\n    \"name\": \"ADYEN_API_KEY\",\n    \"value\": \"AQEqhmfuXNWTK0Qc+iSVlm0sqPaabIRvH5JZUWmghokj2pHQnP+ZQEXkXy7NEMFdWw2+5HzctViMSCJMYAc=-vOQXJCIdE95kITymUHHQFH3Xee1I5IfoiHHIivUQxqU=-s9uNXNh7n8MhDctB\"\n  },\n  {\n    \"name\": \"ADYEN_MERCHANT_ACCOUNT\",\n    \"value\": \"EditoraDoBrasilNetLit\"\n  },\n  {\n    \"name\": \"AUTHORIZATION_SERVER_URI\",\n    \"value\": \"http://authorization-server.netlit.local.stg:8080/v1/oauth/user\"\n  },\n  {\n    \"name\": \"AWS_SQS_QUEUE\",\n    \"value\": \"https://sqs.us-east-2.amazonaws.com/478297097809/payments-queue\"\n  },\n  {\n    \"name\": \"DATABASE_ENDPOINT_NAME\",\n    \"value\": \"payments.cwqhhhkhaxkf.us-east-2.rds.amazonaws.com\"\n  },\n  {\n    \"name\": \"DATABASE_USERNAME\",\n    \"value\": \"KqwU76juxEcXtCdf\"\n  },\n  {\n    \"name\": \"DATABASE_PASSWORD\",\n    \"value\": \"AJT8EPYcNGxMqpKm\"\n  }\n]\n",
                            "vars.fargate_cpu": "512",
                            "vars.fargate_memory": "1024",
                            "vars.log_group_name": "/ecs/payments-app"
                        },
                        "meta": {},
                        "tainted": false
                    },
                    "deposed": [],
                    "provider": "provider.template"
                }
            },
            "depends_on": []
        }
    ]
}
